
Microsoft Visual Studio Solution File, Format Version 12.00
<<<<<<< HEAD
# Visual Studio 15
Project("{FAE04EC0-301F-11D3-BF4B-00C04F79EFBC}") = "UnityEngine.UI", "UnityEngine.UI.csproj", "{4A454E19-6349-D723-F423-0A0DEED1DEE2}"
EndProject
Project("{FAE04EC0-301F-11D3-BF4B-00C04F79EFBC}") = "Unity.AdaptivePerformance", "Unity.AdaptivePerformance.csproj", "{BA85E7D2-3FBF-D0F8-9B39-B621236F6FB0}"
EndProject
Project("{FAE04EC0-301F-11D3-BF4B-00C04F79EFBC}") = "Unity.RenderPipelines.Core.Runtime", "Unity.RenderPipelines.Core.Runtime.csproj", "{6643C00A-B245-01ED-0DD1-5C741009A279}"
EndProject
Project("{FAE04EC0-301F-11D3-BF4B-00C04F79EFBC}") = "UnityEngine.TestRunner", "UnityEngine.TestRunner.csproj", "{32E09725-BBF0-D4C1-EE46-0CBFD4151D11}"
EndProject
Project("{FAE04EC0-301F-11D3-BF4B-00C04F79EFBC}") = "Unity.Mathematics", "Unity.Mathematics.csproj", "{5362CD18-4A3F-D31E-875C-6647C69186C5}"
EndProject
Project("{FAE04EC0-301F-11D3-BF4B-00C04F79EFBC}") = "Unity.InputSystem", "Unity.InputSystem.csproj", "{BF9A5080-D7C3-9DB9-D7C6-3CE676B2A0BB}"
EndProject
Project("{FAE04EC0-301F-11D3-BF4B-00C04F79EFBC}") = "Unity.RenderPipelines.Universal.Runtime", "Unity.RenderPipelines.Universal.Runtime.csproj", "{9FF2B55E-1CA0-FAE0-DCA4-EBAD5428DAD8}"
EndProject
Project("{FAE04EC0-301F-11D3-BF4B-00C04F79EFBC}") = "spine-unity", "spine-unity.csproj", "{5B87E494-03A8-915F-703C-C39EAEFEE955}"
EndProject
Project("{FAE04EC0-301F-11D3-BF4B-00C04F79EFBC}") = "Unity.2D.Animation.Runtime", "Unity.2D.Animation.Runtime.csproj", "{3495E437-A585-39A0-3992-E60DD61A241A}"
EndProject
Project("{FAE04EC0-301F-11D3-BF4B-00C04F79EFBC}") = "Unity.TextMeshPro", "Unity.TextMeshPro.csproj", "{26F08BDD-3B04-50F3-7D6D-EB4D89FAFD0C}"
EndProject
Project("{FAE04EC0-301F-11D3-BF4B-00C04F79EFBC}") = "Cinemachine", "Cinemachine.csproj", "{382DD0E9-E692-94F5-C274-013D1E95B1D2}"
EndProject
Project("{FAE04EC0-301F-11D3-BF4B-00C04F79EFBC}") = "Unity.Timeline", "Unity.Timeline.csproj", "{D8BB5550-5A1A-5563-BB63-133DD519EE8C}"
EndProject
Project("{FAE04EC0-301F-11D3-BF4B-00C04F79EFBC}") = "spine-csharp", "spine-csharp.csproj", "{6725FCDE-4A93-CE25-AFA8-DD24EC40FA41}"
EndProject
Project("{FAE04EC0-301F-11D3-BF4B-00C04F79EFBC}") = "Unity.2D.SpriteShape.Runtime", "Unity.2D.SpriteShape.Runtime.csproj", "{53A58448-A210-1F79-60F6-EA69EE79F223}"
EndProject
Project("{FAE04EC0-301F-11D3-BF4B-00C04F79EFBC}") = "Assembly-CSharp", "Assembly-CSharp.csproj", "{F7AFAD7F-6C4C-06D8-8E75-42AFCCDB75D9}"
EndProject
Project("{FAE04EC0-301F-11D3-BF4B-00C04F79EFBC}") = "Unity.2D.PixelPerfect", "Unity.2D.PixelPerfect.csproj", "{73369DA0-F6B4-3D88-15E4-C08A10344667}"
EndProject
Project("{FAE04EC0-301F-11D3-BF4B-00C04F79EFBC}") = "Unity.2D.IK.Runtime", "Unity.2D.IK.Runtime.csproj", "{F515BF58-CCC0-1F6D-9CD4-9574391C470E}"
EndProject
Project("{FAE04EC0-301F-11D3-BF4B-00C04F79EFBC}") = "Unity.2D.Common.Runtime", "Unity.2D.Common.Runtime.csproj", "{F7AE1C46-51F6-9E3C-C8E4-423FBEB49E60}"
EndProject
Project("{FAE04EC0-301F-11D3-BF4B-00C04F79EFBC}") = "Unity.RenderPipelines.Core.ShaderLibrary", "Unity.RenderPipelines.Core.ShaderLibrary.csproj", "{09983C0B-906D-3626-3BA8-2AFA4A6BAADD}"
EndProject
Project("{FAE04EC0-301F-11D3-BF4B-00C04F79EFBC}") = "Unity.InternalAPIEngineBridge.001", "Unity.InternalAPIEngineBridge.001.csproj", "{586DBD83-173F-2A38-0631-F5741D28AD25}"
EndProject
Project("{FAE04EC0-301F-11D3-BF4B-00C04F79EFBC}") = "Unity.RenderPipeline.Universal.ShaderLibrary", "Unity.RenderPipeline.Universal.ShaderLibrary.csproj", "{B15A0F2A-DAC0-AE4B-3104-DEF945005D0D}"
EndProject
Project("{FAE04EC0-301F-11D3-BF4B-00C04F79EFBC}") = "Unity.Subsystem.Registration", "Unity.Subsystem.Registration.csproj", "{9AD10AB3-E53A-A013-533F-2B1D60E6C4FE}"
EndProject
Project("{FAE04EC0-301F-11D3-BF4B-00C04F79EFBC}") = "Unity.RenderPipelines.Universal.Shaders", "Unity.RenderPipelines.Universal.Shaders.csproj", "{1D48766B-0483-147B-E44B-C50159F41A89}"
EndProject
Project("{FAE04EC0-301F-11D3-BF4B-00C04F79EFBC}") = "Unity.RenderPipelines.ShaderGraph.ShaderGraphLibrary", "Unity.RenderPipelines.ShaderGraph.ShaderGraphLibrary.csproj", "{1A97D7CE-61FB-01A3-4DB0-027053086A3F}"
EndProject
Project("{FAE04EC0-301F-11D3-BF4B-00C04F79EFBC}") = "Unity.PlasticSCM.Editor", "Unity.PlasticSCM.Editor.csproj", "{92ADEA7B-8296-BC24-7B5D-F56A3793594D}"
EndProject
Project("{FAE04EC0-301F-11D3-BF4B-00C04F79EFBC}") = "Unity.ShaderGraph.Editor", "Unity.ShaderGraph.Editor.csproj", "{350D0307-3B5D-6811-0FEF-F5544FA230D6}"
EndProject
Project("{FAE04EC0-301F-11D3-BF4B-00C04F79EFBC}") = "Unity.VisualStudio.Editor", "Unity.VisualStudio.Editor.csproj", "{4D9357D5-81DC-6729-DDAC-3D1B2F9D4528}"
EndProject
Project("{FAE04EC0-301F-11D3-BF4B-00C04F79EFBC}") = "Unity.Timeline.Editor", "Unity.Timeline.Editor.csproj", "{EE577081-FF7B-80A7-C680-430D537C7897}"
EndProject
Project("{FAE04EC0-301F-11D3-BF4B-00C04F79EFBC}") = "com.unity.cinemachine.editor", "com.unity.cinemachine.editor.csproj", "{F12C8817-3336-86A2-8C48-D5D8D65CC801}"
EndProject
Project("{FAE04EC0-301F-11D3-BF4B-00C04F79EFBC}") = "Unity.TextMeshPro.Editor", "Unity.TextMeshPro.Editor.csproj", "{D358EEDB-4EF5-E590-A344-74E34452F64E}"
EndProject
Project("{FAE04EC0-301F-11D3-BF4B-00C04F79EFBC}") = "Unity.AdaptivePerformance.Simulator.Editor", "Unity.AdaptivePerformance.Simulator.Editor.csproj", "{49CCB696-72C8-768C-B42E-DEA3F28BBCF3}"
EndProject
Project("{FAE04EC0-301F-11D3-BF4B-00C04F79EFBC}") = "Unity.2D.Animation.Editor", "Unity.2D.Animation.Editor.csproj", "{A0390061-AA6A-9777-C352-5C7325CB2784}"
EndProject
Project("{FAE04EC0-301F-11D3-BF4B-00C04F79EFBC}") = "Unity.CollabProxy.Editor", "Unity.CollabProxy.Editor.csproj", "{B12BB141-F6EE-E229-08F8-1181D49CCA25}"
EndProject
Project("{FAE04EC0-301F-11D3-BF4B-00C04F79EFBC}") = "UnityEditor.TestRunner", "UnityEditor.TestRunner.csproj", "{35F7B66B-4A78-F157-1586-3E54CDC42B00}"
EndProject
Project("{FAE04EC0-301F-11D3-BF4B-00C04F79EFBC}") = "Unity.Rider.Editor", "Unity.Rider.Editor.csproj", "{7FEC2911-2573-BC10-F55B-BFB6FDAA99C1}"
EndProject
Project("{FAE04EC0-301F-11D3-BF4B-00C04F79EFBC}") = "Unity.2D.Path.Editor", "Unity.2D.Path.Editor.csproj", "{E259BB0F-4686-BE40-FBD2-5C55A96A72B7}"
EndProject
Project("{FAE04EC0-301F-11D3-BF4B-00C04F79EFBC}") = "Unity.RenderPipelines.Universal.Editor", "Unity.RenderPipelines.Universal.Editor.csproj", "{D3CCE8D5-2A6B-5D91-F902-A04B872CB2CD}"
EndProject
Project("{FAE04EC0-301F-11D3-BF4B-00C04F79EFBC}") = "Unity.Services.Core.Editor", "Unity.Services.Core.Editor.csproj", "{E310E682-2435-0E7F-6E67-5A60FEB89E46}"
EndProject
Project("{FAE04EC0-301F-11D3-BF4B-00C04F79EFBC}") = "Unity.RenderPipelines.Core.Editor", "Unity.RenderPipelines.Core.Editor.csproj", "{836C41CE-C54C-E8B3-277D-4B8B323CC20A}"
EndProject
Project("{FAE04EC0-301F-11D3-BF4B-00C04F79EFBC}") = "Unity.Searcher.Editor", "Unity.Searcher.Editor.csproj", "{F120338B-1E1C-4B18-F622-7F363767B02A}"
EndProject
Project("{FAE04EC0-301F-11D3-BF4B-00C04F79EFBC}") = "Unity.2D.IK.Editor", "Unity.2D.IK.Editor.csproj", "{ED6597BA-AF6F-924F-B185-9A2026C7665C}"
EndProject
Project("{FAE04EC0-301F-11D3-BF4B-00C04F79EFBC}") = "Unity.2D.SpriteShape.Editor", "Unity.2D.SpriteShape.Editor.csproj", "{F149E1E8-5D7F-364B-10DD-3AB43CC582D0}"
EndProject
Project("{FAE04EC0-301F-11D3-BF4B-00C04F79EFBC}") = "Unity.2D.Animation.Triangle.Editor", "Unity.2D.Animation.Triangle.Editor.csproj", "{0E42849F-542B-2008-E001-8A52AF632F3C}"
EndProject
Project("{FAE04EC0-301F-11D3-BF4B-00C04F79EFBC}") = "Unity.2D.PixelPerfect.Editor", "Unity.2D.PixelPerfect.Editor.csproj", "{6FFD9470-97C8-15B0-4000-4068DC54961C}"
EndProject
Project("{FAE04EC0-301F-11D3-BF4B-00C04F79EFBC}") = "Unity.VSCode.Editor", "Unity.VSCode.Editor.csproj", "{C69ED027-2727-F1DC-8143-A38F324265B9}"
EndProject
Project("{FAE04EC0-301F-11D3-BF4B-00C04F79EFBC}") = "Unity.2D.Sprite.Editor", "Unity.2D.Sprite.Editor.csproj", "{BAC134DE-1E92-265C-A056-81AA4C3C4ADB}"
EndProject
Project("{FAE04EC0-301F-11D3-BF4B-00C04F79EFBC}") = "UnityEditor.UI", "UnityEditor.UI.csproj", "{A20CFAA2-730B-6F20-374E-C788D031CA05}"
EndProject
Project("{FAE04EC0-301F-11D3-BF4B-00C04F79EFBC}") = "spine-unity-editor", "spine-unity-editor.csproj", "{CACDD06B-0441-F207-3D8E-57D787DE560A}"
=======
# Visual Studio Version 16
VisualStudioVersion = 16.0.32413.511
MinimumVisualStudioVersion = 10.0.40219.1
Project("{FAE04EC0-301F-11D3-BF4B-00C04F79EFBC}") = "UnityEngine.UI", "UnityEngine.UI.csproj", "{5519424E-603B-CD3C-DF89-F933248F4B8E}"
EndProject
Project("{FAE04EC0-301F-11D3-BF4B-00C04F79EFBC}") = "Unity.AdaptivePerformance", "Unity.AdaptivePerformance.csproj", "{BA85E7D2-3FBF-D0F8-9B39-B621236F6FB0}"
EndProject
Project("{FAE04EC0-301F-11D3-BF4B-00C04F79EFBC}") = "Unity.RenderPipelines.Core.Runtime", "Unity.RenderPipelines.Core.Runtime.csproj", "{8C2A6143-0B56-7A92-EF51-AC750A3645D5}"
EndProject
Project("{FAE04EC0-301F-11D3-BF4B-00C04F79EFBC}") = "UnityEngine.TestRunner", "UnityEngine.TestRunner.csproj", "{ECD0B76F-081F-2B21-71CF-4955D96ABE9D}"
EndProject
Project("{FAE04EC0-301F-11D3-BF4B-00C04F79EFBC}") = "Unity.Mathematics", "Unity.Mathematics.csproj", "{2CCFB2D7-2C85-7E20-2D7F-FF2086039118}"
EndProject
Project("{FAE04EC0-301F-11D3-BF4B-00C04F79EFBC}") = "Unity.InputSystem", "Unity.InputSystem.csproj", "{51642919-B762-3128-0CEB-1327AC5EE64C}"
EndProject
Project("{FAE04EC0-301F-11D3-BF4B-00C04F79EFBC}") = "Unity.RenderPipelines.Universal.Runtime", "Unity.RenderPipelines.Universal.Runtime.csproj", "{50B1C8D3-FCE4-F51C-911D-563E140DDB10}"
EndProject
Project("{FAE04EC0-301F-11D3-BF4B-00C04F79EFBC}") = "spine-unity", "spine-unity.csproj", "{895C504A-DEAA-AA2A-05B3-004EE7E98682}"
EndProject
Project("{FAE04EC0-301F-11D3-BF4B-00C04F79EFBC}") = "Unity.2D.Animation.Runtime", "Unity.2D.Animation.Runtime.csproj", "{4D2173D1-0464-6AB0-772D-B4F272C602B1}"
EndProject
Project("{FAE04EC0-301F-11D3-BF4B-00C04F79EFBC}") = "Unity.TextMeshPro", "Unity.TextMeshPro.csproj", "{A22BA302-AB21-0657-52AC-FDBD86E44656}"
EndProject
Project("{FAE04EC0-301F-11D3-BF4B-00C04F79EFBC}") = "Cinemachine", "Cinemachine.csproj", "{C1F69162-32D5-08E1-D922-EF29B030E3EC}"
EndProject
Project("{FAE04EC0-301F-11D3-BF4B-00C04F79EFBC}") = "Unity.Timeline", "Unity.Timeline.csproj", "{E4A9814C-D718-CB80-27B8-B081887A52B8}"
EndProject
Project("{FAE04EC0-301F-11D3-BF4B-00C04F79EFBC}") = "spine-csharp", "spine-csharp.csproj", "{78725CD5-31B4-B439-87D8-8DE89C067385}"
EndProject
Project("{FAE04EC0-301F-11D3-BF4B-00C04F79EFBC}") = "Unity.2D.SpriteShape.Runtime", "Unity.2D.SpriteShape.Runtime.csproj", "{26AF03A8-819F-B2B0-697A-8AD07961F5A2}"
EndProject
Project("{FAE04EC0-301F-11D3-BF4B-00C04F79EFBC}") = "Assembly-CSharp", "Assembly-CSharp.csproj", "{F7AFAD7F-6C4C-06D8-8E75-42AFCCDB75D9}"
EndProject
Project("{FAE04EC0-301F-11D3-BF4B-00C04F79EFBC}") = "Unity.2D.PixelPerfect", "Unity.2D.PixelPerfect.csproj", "{34D5805D-5A60-3E08-78D7-9FAA9E6FDB2A}"
EndProject
Project("{FAE04EC0-301F-11D3-BF4B-00C04F79EFBC}") = "Unity.2D.IK.Runtime", "Unity.2D.IK.Runtime.csproj", "{5587C28A-3B2D-4C00-0A57-043C50443B09}"
EndProject
Project("{FAE04EC0-301F-11D3-BF4B-00C04F79EFBC}") = "Unity.2D.Common.Runtime", "Unity.2D.Common.Runtime.csproj", "{FC7B161D-15DE-AF18-98B6-F068CE030628}"
EndProject
Project("{FAE04EC0-301F-11D3-BF4B-00C04F79EFBC}") = "Unity.RenderPipelines.Core.ShaderLibrary", "Unity.RenderPipelines.Core.ShaderLibrary.csproj", "{54B10993-FD9E-C8BF-AC96-A480A1206EF3}"
EndProject
Project("{FAE04EC0-301F-11D3-BF4B-00C04F79EFBC}") = "Unity.InternalAPIEngineBridge.001", "Unity.InternalAPIEngineBridge.001.csproj", "{6A50A53D-CE14-0787-69EF-0ABBF8F84D27}"
EndProject
Project("{FAE04EC0-301F-11D3-BF4B-00C04F79EFBC}") = "Unity.RenderPipeline.Universal.ShaderLibrary", "Unity.RenderPipeline.Universal.ShaderLibrary.csproj", "{ABB2CF53-C657-C516-236C-A3C9F997E5EB}"
EndProject
Project("{FAE04EC0-301F-11D3-BF4B-00C04F79EFBC}") = "Unity.Subsystem.Registration", "Unity.Subsystem.Registration.csproj", "{9AD10AB3-E53A-A013-533F-2B1D60E6C4FE}"
EndProject
Project("{FAE04EC0-301F-11D3-BF4B-00C04F79EFBC}") = "Unity.RenderPipelines.Universal.Shaders", "Unity.RenderPipelines.Universal.Shaders.csproj", "{A6E2988D-4243-A3CA-07C3-AABFA8227DE9}"
EndProject
Project("{FAE04EC0-301F-11D3-BF4B-00C04F79EFBC}") = "Unity.RenderPipelines.ShaderGraph.ShaderGraphLibrary", "Unity.RenderPipelines.ShaderGraph.ShaderGraphLibrary.csproj", "{59B22AC2-4693-C97E-F478-4E10E0813178}"
EndProject
Project("{FAE04EC0-301F-11D3-BF4B-00C04F79EFBC}") = "Unity.PlasticSCM.Editor", "Unity.PlasticSCM.Editor.csproj", "{82D6459B-D64B-26DC-00BA-C4B804D77BAC}"
EndProject
Project("{FAE04EC0-301F-11D3-BF4B-00C04F79EFBC}") = "Unity.ShaderGraph.Editor", "Unity.ShaderGraph.Editor.csproj", "{75D2380E-EA18-EAEB-9C63-B58B354FC899}"
EndProject
Project("{FAE04EC0-301F-11D3-BF4B-00C04F79EFBC}") = "Unity.VisualStudio.Editor", "Unity.VisualStudio.Editor.csproj", "{11F94116-D2CF-07DB-56A5-B87C05B853F3}"
EndProject
Project("{FAE04EC0-301F-11D3-BF4B-00C04F79EFBC}") = "Unity.Timeline.Editor", "Unity.Timeline.Editor.csproj", "{6833B806-2F28-9D11-A8DD-916CA7BF93A2}"
EndProject
Project("{FAE04EC0-301F-11D3-BF4B-00C04F79EFBC}") = "com.unity.cinemachine.editor", "com.unity.cinemachine.editor.csproj", "{68442688-B23C-8E90-FF68-CAABD837DE52}"
EndProject
Project("{FAE04EC0-301F-11D3-BF4B-00C04F79EFBC}") = "Unity.TextMeshPro.Editor", "Unity.TextMeshPro.Editor.csproj", "{C34C7952-73E4-629A-E449-F4020329C58E}"
EndProject
Project("{FAE04EC0-301F-11D3-BF4B-00C04F79EFBC}") = "Unity.AdaptivePerformance.Simulator.Editor", "Unity.AdaptivePerformance.Simulator.Editor.csproj", "{49CCB696-72C8-768C-B42E-DEA3F28BBCF3}"
EndProject
Project("{FAE04EC0-301F-11D3-BF4B-00C04F79EFBC}") = "Unity.2D.Animation.Editor", "Unity.2D.Animation.Editor.csproj", "{F4B5D860-0777-DC94-1096-985E06306668}"
EndProject
Project("{FAE04EC0-301F-11D3-BF4B-00C04F79EFBC}") = "Unity.CollabProxy.Editor", "Unity.CollabProxy.Editor.csproj", "{8F50E60C-54E6-EDF5-3C48-68E1C6F82507}"
EndProject
Project("{FAE04EC0-301F-11D3-BF4B-00C04F79EFBC}") = "UnityEditor.TestRunner", "UnityEditor.TestRunner.csproj", "{827CBBA5-D7DC-5BC5-ADF8-E782FEDF2DB5}"
EndProject
Project("{FAE04EC0-301F-11D3-BF4B-00C04F79EFBC}") = "Unity.Rider.Editor", "Unity.Rider.Editor.csproj", "{2DF7B511-1257-3C90-E955-B6D863464D60}"
EndProject
Project("{FAE04EC0-301F-11D3-BF4B-00C04F79EFBC}") = "Unity.2D.Path.Editor", "Unity.2D.Path.Editor.csproj", "{3BD07642-46B7-CD28-D9DA-8322D5B3BECE}"
EndProject
Project("{FAE04EC0-301F-11D3-BF4B-00C04F79EFBC}") = "Unity.RenderPipelines.Universal.Editor", "Unity.RenderPipelines.Universal.Editor.csproj", "{B33331D3-4CBC-BC23-1D7D-A9F4D895FE63}"
EndProject
Project("{FAE04EC0-301F-11D3-BF4B-00C04F79EFBC}") = "Unity.Services.Core.Editor", "Unity.Services.Core.Editor.csproj", "{83196956-F02A-8AC0-08F9-6D5DBD04F2E4}"
EndProject
Project("{FAE04EC0-301F-11D3-BF4B-00C04F79EFBC}") = "Unity.RenderPipelines.Core.Editor", "Unity.RenderPipelines.Core.Editor.csproj", "{0EB67818-46CE-1110-6A98-E16FA4ABE146}"
EndProject
Project("{FAE04EC0-301F-11D3-BF4B-00C04F79EFBC}") = "Unity.Searcher.Editor", "Unity.Searcher.Editor.csproj", "{FF8F66CB-0F5E-FB85-DACA-8308C4AD78BE}"
EndProject
Project("{FAE04EC0-301F-11D3-BF4B-00C04F79EFBC}") = "Unity.2D.IK.Editor", "Unity.2D.IK.Editor.csproj", "{37EEC178-7D6C-00F9-0984-02C3E3DED1D1}"
EndProject
Project("{FAE04EC0-301F-11D3-BF4B-00C04F79EFBC}") = "Unity.2D.SpriteShape.Editor", "Unity.2D.SpriteShape.Editor.csproj", "{8A71981D-9AC4-6DBD-7186-5E03958B237E}"
EndProject
Project("{FAE04EC0-301F-11D3-BF4B-00C04F79EFBC}") = "Unity.2D.Animation.Triangle.Editor", "Unity.2D.Animation.Triangle.Editor.csproj", "{3ABF7D49-BF45-BAA6-43B8-E7CB25F4AAEF}"
EndProject
Project("{FAE04EC0-301F-11D3-BF4B-00C04F79EFBC}") = "Unity.2D.PixelPerfect.Editor", "Unity.2D.PixelPerfect.Editor.csproj", "{C00738AB-3E32-0C25-96FC-F1075DC3B7F3}"
EndProject
Project("{FAE04EC0-301F-11D3-BF4B-00C04F79EFBC}") = "Unity.VSCode.Editor", "Unity.VSCode.Editor.csproj", "{F6B742EC-2E9B-7168-8E4C-F6F91D7B2C9E}"
EndProject
Project("{FAE04EC0-301F-11D3-BF4B-00C04F79EFBC}") = "Unity.2D.Sprite.Editor", "Unity.2D.Sprite.Editor.csproj", "{C3BD916F-AF27-B98D-0B88-2335C82E6E6D}"
EndProject
Project("{FAE04EC0-301F-11D3-BF4B-00C04F79EFBC}") = "UnityEditor.UI", "UnityEditor.UI.csproj", "{7BD6F02F-2978-B38A-9597-5E260BF8C44E}"
EndProject
Project("{FAE04EC0-301F-11D3-BF4B-00C04F79EFBC}") = "spine-unity-editor", "spine-unity-editor.csproj", "{6C747DFA-05E5-F357-0B60-46863390C219}"
>>>>>>> 59c27e3 (Correzioni Confilitti)
EndProject
Project("{FAE04EC0-301F-11D3-BF4B-00C04F79EFBC}") = "Assembly-CSharp-Editor", "Assembly-CSharp-Editor.csproj", "{D5D4D73A-7019-60EF-9276-2E746EEB0AE8}"
EndProject
Project("{FAE04EC0-301F-11D3-BF4B-00C04F79EFBC}") = "Unity.AdaptivePerformance.Editor", "Unity.AdaptivePerformance.Editor.csproj", "{2F1C08D8-304C-E5E0-1F91-22D16D422F35}"
EndProject
<<<<<<< HEAD
Project("{FAE04EC0-301F-11D3-BF4B-00C04F79EFBC}") = "Unity.Mathematics.Editor", "Unity.Mathematics.Editor.csproj", "{8989FA1D-5492-53BE-E5DD-C4F4C9E161F1}"
EndProject
Project("{FAE04EC0-301F-11D3-BF4B-00C04F79EFBC}") = "Unity.2D.Common.Editor", "Unity.2D.Common.Editor.csproj", "{DD105CB7-D147-531B-1823-C86C778987C3}"
EndProject
Project("{FAE04EC0-301F-11D3-BF4B-00C04F79EFBC}") = "Unity.InternalAPIEditorBridge.001", "Unity.InternalAPIEditorBridge.001.csproj", "{8E3E47C9-4494-655F-9FDC-E789ACDB61FB}"
EndProject
Project("{FAE04EC0-301F-11D3-BF4B-00C04F79EFBC}") = "Unity.ShaderGraph.Utilities", "Unity.ShaderGraph.Utilities.csproj", "{31115571-F800-9D8E-75A8-62C17780EF38}"
EndProject
Project("{FAE04EC0-301F-11D3-BF4B-00C04F79EFBC}") = "Unity.AdaptivePerformance.Simulator.Extension", "Unity.AdaptivePerformance.Simulator.Extension.csproj", "{B8799D54-A86B-F78E-EEF9-F5A2F2C6E78A}"
EndProject
Project("{FAE04EC0-301F-11D3-BF4B-00C04F79EFBC}") = "UnityEngine.UI", "UnityEngine.UI.Player.csproj", "{193E60D8-B28D-A399-D187-DB2DF7DA1B8D}"
EndProject
Project("{FAE04EC0-301F-11D3-BF4B-00C04F79EFBC}") = "Unity.AdaptivePerformance", "Unity.AdaptivePerformance.Player.csproj", "{DB5DA0F0-7490-DB8F-F715-1170727432FE}"
EndProject
Project("{FAE04EC0-301F-11D3-BF4B-00C04F79EFBC}") = "Unity.RenderPipelines.Core.Runtime", "Unity.RenderPipelines.Core.Runtime.Player.csproj", "{A674EADD-5208-0F43-D4AB-34B1590AEC3A}"
EndProject
Project("{FAE04EC0-301F-11D3-BF4B-00C04F79EFBC}") = "UnityEngine.TestRunner", "UnityEngine.TestRunner.Player.csproj", "{6E426E6B-1C03-318B-A339-201AF927E923}"
EndProject
Project("{FAE04EC0-301F-11D3-BF4B-00C04F79EFBC}") = "Unity.Mathematics", "Unity.Mathematics.Player.csproj", "{CDB11985-A1C5-3B5F-C774-E469FD1F5FAB}"
EndProject
Project("{FAE04EC0-301F-11D3-BF4B-00C04F79EFBC}") = "Unity.InputSystem", "Unity.InputSystem.Player.csproj", "{FADD127E-E5F7-1B41-85DF-56A8D48C53A9}"
EndProject
Project("{FAE04EC0-301F-11D3-BF4B-00C04F79EFBC}") = "Unity.RenderPipelines.Universal.Runtime", "Unity.RenderPipelines.Universal.Runtime.Player.csproj", "{9527205B-547B-893A-9023-EB773ACA53C5}"
EndProject
Project("{FAE04EC0-301F-11D3-BF4B-00C04F79EFBC}") = "spine-unity", "spine-unity.Player.csproj", "{F0D9E7CF-E92C-A8D6-01B6-23E73433EDC4}"
EndProject
Project("{FAE04EC0-301F-11D3-BF4B-00C04F79EFBC}") = "Unity.2D.Animation.Runtime", "Unity.2D.Animation.Runtime.Player.csproj", "{90916689-4617-FF58-7058-88DA3708E8C5}"
EndProject
Project("{FAE04EC0-301F-11D3-BF4B-00C04F79EFBC}") = "Unity.TextMeshPro", "Unity.TextMeshPro.Player.csproj", "{0953FE0C-A4DE-6E57-114B-2EF7D2C8EA86}"
EndProject
Project("{FAE04EC0-301F-11D3-BF4B-00C04F79EFBC}") = "Cinemachine", "Cinemachine.Player.csproj", "{BD2534E8-2679-AE1D-D88B-227403B62F2F}"
EndProject
Project("{FAE04EC0-301F-11D3-BF4B-00C04F79EFBC}") = "Unity.Timeline", "Unity.Timeline.Player.csproj", "{1FFC84A9-C807-5173-711B-D99420F0AD6F}"
EndProject
Project("{FAE04EC0-301F-11D3-BF4B-00C04F79EFBC}") = "spine-csharp", "spine-csharp.Player.csproj", "{CBB41E74-8B5D-B2C6-C958-DFD7D19FE57B}"
EndProject
Project("{FAE04EC0-301F-11D3-BF4B-00C04F79EFBC}") = "Unity.2D.SpriteShape.Runtime", "Unity.2D.SpriteShape.Runtime.Player.csproj", "{B0C806CA-4737-C707-DB73-1022CB9EDD69}"
EndProject
Project("{FAE04EC0-301F-11D3-BF4B-00C04F79EFBC}") = "Assembly-CSharp", "Assembly-CSharp.Player.csproj", "{5646F701-1757-E02C-5F11-1F57F27986AF}"
EndProject
Project("{FAE04EC0-301F-11D3-BF4B-00C04F79EFBC}") = "Unity.2D.PixelPerfect", "Unity.2D.PixelPerfect.Player.csproj", "{9D08B12F-96C3-96E4-00F7-1B1EBBA60F6C}"
EndProject
Project("{FAE04EC0-301F-11D3-BF4B-00C04F79EFBC}") = "Unity.2D.IK.Runtime", "Unity.2D.IK.Runtime.Player.csproj", "{BB964141-EE4D-6F09-7B7A-BEFF048A03B5}"
EndProject
Project("{FAE04EC0-301F-11D3-BF4B-00C04F79EFBC}") = "Unity.2D.Common.Runtime", "Unity.2D.Common.Runtime.Player.csproj", "{AD5F1FA2-76D8-CE93-1F29-4D29FABC2A3C}"
EndProject
Project("{FAE04EC0-301F-11D3-BF4B-00C04F79EFBC}") = "Unity.RenderPipelines.Core.ShaderLibrary", "Unity.RenderPipelines.Core.ShaderLibrary.Player.csproj", "{560B6314-074A-7D8C-5D2F-9D394AE9F08F}"
EndProject
Project("{FAE04EC0-301F-11D3-BF4B-00C04F79EFBC}") = "Unity.InternalAPIEngineBridge.001", "Unity.InternalAPIEngineBridge.001.Player.csproj", "{0C818269-B720-C83D-84CD-3E91B63A3BC5}"
EndProject
Project("{FAE04EC0-301F-11D3-BF4B-00C04F79EFBC}") = "Unity.RenderPipeline.Universal.ShaderLibrary", "Unity.RenderPipeline.Universal.ShaderLibrary.Player.csproj", "{28E58F65-B6F4-4BD8-DD27-5AF4AB89A90A}"
EndProject
Project("{FAE04EC0-301F-11D3-BF4B-00C04F79EFBC}") = "Unity.Subsystem.Registration", "Unity.Subsystem.Registration.Player.csproj", "{6DA6AF6F-01AF-D0CA-72ED-283CFB18D01B}"
EndProject
Project("{FAE04EC0-301F-11D3-BF4B-00C04F79EFBC}") = "Unity.RenderPipelines.Universal.Shaders", "Unity.RenderPipelines.Universal.Shaders.Player.csproj", "{6A04B23E-CEAF-79CB-9F51-2AADAD264C38}"
EndProject
Project("{FAE04EC0-301F-11D3-BF4B-00C04F79EFBC}") = "Unity.RenderPipelines.ShaderGraph.ShaderGraphLibrary", "Unity.RenderPipelines.ShaderGraph.ShaderGraphLibrary.Player.csproj", "{5F61C1D3-1653-7EBB-8320-D3E7C3544CAF}"
=======
Project("{FAE04EC0-301F-11D3-BF4B-00C04F79EFBC}") = "Unity.Mathematics.Editor", "Unity.Mathematics.Editor.csproj", "{12209B64-210E-8FE3-A682-57334B4C6F22}"
EndProject
Project("{FAE04EC0-301F-11D3-BF4B-00C04F79EFBC}") = "Unity.2D.Common.Editor", "Unity.2D.Common.Editor.csproj", "{597C2E49-9D98-E0FC-C1A3-5A1C6DCAC2C3}"
EndProject
Project("{FAE04EC0-301F-11D3-BF4B-00C04F79EFBC}") = "Unity.InternalAPIEditorBridge.001", "Unity.InternalAPIEditorBridge.001.csproj", "{E1506AB3-FD0F-76EB-4A6B-847A88D584CC}"
EndProject
Project("{FAE04EC0-301F-11D3-BF4B-00C04F79EFBC}") = "Unity.ShaderGraph.Utilities", "Unity.ShaderGraph.Utilities.csproj", "{D349089B-8334-796C-C23E-24ACDC4ABB99}"
EndProject
Project("{FAE04EC0-301F-11D3-BF4B-00C04F79EFBC}") = "Unity.AdaptivePerformance.Simulator.Extension", "Unity.AdaptivePerformance.Simulator.Extension.csproj", "{B8799D54-A86B-F78E-EEF9-F5A2F2C6E78A}"
EndProject
Project("{FAE04EC0-301F-11D3-BF4B-00C04F79EFBC}") = "UnityEngine.UI.Player", "UnityEngine.UI.Player.csproj", "{70BDCAE5-A496-B97D-BAA2-7F83C5073957}"
EndProject
Project("{FAE04EC0-301F-11D3-BF4B-00C04F79EFBC}") = "Unity.AdaptivePerformance.Player", "Unity.AdaptivePerformance.Player.csproj", "{DB5DA0F0-7490-DB8F-F715-1170727432FE}"
EndProject
Project("{FAE04EC0-301F-11D3-BF4B-00C04F79EFBC}") = "Unity.RenderPipelines.Core.Runtime.Player", "Unity.RenderPipelines.Core.Runtime.Player.csproj", "{A674EADD-5208-0F43-D4AB-34B1590AEC3A}"
EndProject
Project("{FAE04EC0-301F-11D3-BF4B-00C04F79EFBC}") = "UnityEngine.TestRunner.Player", "UnityEngine.TestRunner.Player.csproj", "{6F328D86-E9CB-877C-80CE-840C17425E52}"
EndProject
Project("{FAE04EC0-301F-11D3-BF4B-00C04F79EFBC}") = "Unity.Mathematics.Player", "Unity.Mathematics.Player.csproj", "{CDB11985-A1C5-3B5F-C774-E469FD1F5FAB}"
EndProject
Project("{FAE04EC0-301F-11D3-BF4B-00C04F79EFBC}") = "Unity.InputSystem.Player", "Unity.InputSystem.Player.csproj", "{437EBA30-39E2-2E74-1D47-D1997EA951F7}"
EndProject
Project("{FAE04EC0-301F-11D3-BF4B-00C04F79EFBC}") = "Unity.RenderPipelines.Universal.Runtime.Player", "Unity.RenderPipelines.Universal.Runtime.Player.csproj", "{9527205B-547B-893A-9023-EB773ACA53C5}"
EndProject
Project("{FAE04EC0-301F-11D3-BF4B-00C04F79EFBC}") = "spine-unity.Player", "spine-unity.Player.csproj", "{3440ED87-947B-3B5F-6D9E-FCA06E326CC7}"
EndProject
Project("{FAE04EC0-301F-11D3-BF4B-00C04F79EFBC}") = "Unity.2D.Animation.Runtime.Player", "Unity.2D.Animation.Runtime.Player.csproj", "{90916689-4617-FF58-7058-88DA3708E8C5}"
EndProject
Project("{FAE04EC0-301F-11D3-BF4B-00C04F79EFBC}") = "Unity.TextMeshPro.Player", "Unity.TextMeshPro.Player.csproj", "{B95CB73B-A903-DFFE-C47A-39153404F0D4}"
EndProject
Project("{FAE04EC0-301F-11D3-BF4B-00C04F79EFBC}") = "Cinemachine.Player", "Cinemachine.Player.csproj", "{BF953460-39B0-25E7-6D8A-65E27E1F54B7}"
EndProject
Project("{FAE04EC0-301F-11D3-BF4B-00C04F79EFBC}") = "Unity.Timeline.Player", "Unity.Timeline.Player.csproj", "{8755BCCD-BF96-DA72-F252-633C6C843E12}"
EndProject
Project("{FAE04EC0-301F-11D3-BF4B-00C04F79EFBC}") = "spine-csharp.Player", "spine-csharp.Player.csproj", "{77F0EFB7-D974-A892-C2DC-2420DFC50678}"
EndProject
Project("{FAE04EC0-301F-11D3-BF4B-00C04F79EFBC}") = "Unity.2D.SpriteShape.Runtime.Player", "Unity.2D.SpriteShape.Runtime.Player.csproj", "{B0C806CA-4737-C707-DB73-1022CB9EDD69}"
EndProject
Project("{FAE04EC0-301F-11D3-BF4B-00C04F79EFBC}") = "Assembly-CSharp.Player", "Assembly-CSharp.Player.csproj", "{5646F701-1757-E02C-5F11-1F57F27986AF}"
EndProject
Project("{FAE04EC0-301F-11D3-BF4B-00C04F79EFBC}") = "Unity.2D.PixelPerfect.Player", "Unity.2D.PixelPerfect.Player.csproj", "{9D08B12F-96C3-96E4-00F7-1B1EBBA60F6C}"
EndProject
Project("{FAE04EC0-301F-11D3-BF4B-00C04F79EFBC}") = "Unity.2D.IK.Runtime.Player", "Unity.2D.IK.Runtime.Player.csproj", "{BB964141-EE4D-6F09-7B7A-BEFF048A03B5}"
EndProject
Project("{FAE04EC0-301F-11D3-BF4B-00C04F79EFBC}") = "Unity.2D.Common.Runtime.Player", "Unity.2D.Common.Runtime.Player.csproj", "{AD5F1FA2-76D8-CE93-1F29-4D29FABC2A3C}"
EndProject
Project("{FAE04EC0-301F-11D3-BF4B-00C04F79EFBC}") = "Unity.RenderPipelines.Core.ShaderLibrary.Player", "Unity.RenderPipelines.Core.ShaderLibrary.Player.csproj", "{560B6314-074A-7D8C-5D2F-9D394AE9F08F}"
EndProject
Project("{FAE04EC0-301F-11D3-BF4B-00C04F79EFBC}") = "Unity.InternalAPIEngineBridge.001.Player", "Unity.InternalAPIEngineBridge.001.Player.csproj", "{0C818269-B720-C83D-84CD-3E91B63A3BC5}"
EndProject
Project("{FAE04EC0-301F-11D3-BF4B-00C04F79EFBC}") = "Unity.RenderPipeline.Universal.ShaderLibrary.Player", "Unity.RenderPipeline.Universal.ShaderLibrary.Player.csproj", "{28E58F65-B6F4-4BD8-DD27-5AF4AB89A90A}"
EndProject
Project("{FAE04EC0-301F-11D3-BF4B-00C04F79EFBC}") = "Unity.Subsystem.Registration.Player", "Unity.Subsystem.Registration.Player.csproj", "{6DA6AF6F-01AF-D0CA-72ED-283CFB18D01B}"
EndProject
Project("{FAE04EC0-301F-11D3-BF4B-00C04F79EFBC}") = "Unity.RenderPipelines.Universal.Shaders.Player", "Unity.RenderPipelines.Universal.Shaders.Player.csproj", "{6A04B23E-CEAF-79CB-9F51-2AADAD264C38}"
EndProject
Project("{FAE04EC0-301F-11D3-BF4B-00C04F79EFBC}") = "Unity.RenderPipelines.ShaderGraph.ShaderGraphLibrary.Player", "Unity.RenderPipelines.ShaderGraph.ShaderGraphLibrary.Player.csproj", "{5F61C1D3-1653-7EBB-8320-D3E7C3544CAF}"
>>>>>>> 59c27e3 (Correzioni Confilitti)
EndProject
Global
	GlobalSection(SolutionConfigurationPlatforms) = preSolution
		Debug|Any CPU = Debug|Any CPU
		Release|Any CPU = Release|Any CPU
	EndGlobalSection
	GlobalSection(ProjectConfigurationPlatforms) = postSolution
<<<<<<< HEAD
		{4A454E19-6349-D723-F423-0A0DEED1DEE2}.Debug|Any CPU.ActiveCfg = Debug|Any CPU
		{4A454E19-6349-D723-F423-0A0DEED1DEE2}.Debug|Any CPU.Build.0 = Debug|Any CPU
		{4A454E19-6349-D723-F423-0A0DEED1DEE2}.Release|Any CPU.ActiveCfg = Release|Any CPU
		{4A454E19-6349-D723-F423-0A0DEED1DEE2}.Release|Any CPU.Build.0 = Release|Any CPU
=======
		{5519424E-603B-CD3C-DF89-F933248F4B8E}.Debug|Any CPU.ActiveCfg = Debug|Any CPU
		{5519424E-603B-CD3C-DF89-F933248F4B8E}.Debug|Any CPU.Build.0 = Debug|Any CPU
		{5519424E-603B-CD3C-DF89-F933248F4B8E}.Release|Any CPU.ActiveCfg = Release|Any CPU
		{5519424E-603B-CD3C-DF89-F933248F4B8E}.Release|Any CPU.Build.0 = Release|Any CPU
>>>>>>> 59c27e3 (Correzioni Confilitti)
		{BA85E7D2-3FBF-D0F8-9B39-B621236F6FB0}.Debug|Any CPU.ActiveCfg = Debug|Any CPU
		{BA85E7D2-3FBF-D0F8-9B39-B621236F6FB0}.Debug|Any CPU.Build.0 = Debug|Any CPU
		{BA85E7D2-3FBF-D0F8-9B39-B621236F6FB0}.Release|Any CPU.ActiveCfg = Release|Any CPU
		{BA85E7D2-3FBF-D0F8-9B39-B621236F6FB0}.Release|Any CPU.Build.0 = Release|Any CPU
<<<<<<< HEAD
		{6643C00A-B245-01ED-0DD1-5C741009A279}.Debug|Any CPU.ActiveCfg = Debug|Any CPU
		{6643C00A-B245-01ED-0DD1-5C741009A279}.Debug|Any CPU.Build.0 = Debug|Any CPU
		{6643C00A-B245-01ED-0DD1-5C741009A279}.Release|Any CPU.ActiveCfg = Release|Any CPU
		{6643C00A-B245-01ED-0DD1-5C741009A279}.Release|Any CPU.Build.0 = Release|Any CPU
		{32E09725-BBF0-D4C1-EE46-0CBFD4151D11}.Debug|Any CPU.ActiveCfg = Debug|Any CPU
		{32E09725-BBF0-D4C1-EE46-0CBFD4151D11}.Debug|Any CPU.Build.0 = Debug|Any CPU
		{32E09725-BBF0-D4C1-EE46-0CBFD4151D11}.Release|Any CPU.ActiveCfg = Release|Any CPU
		{32E09725-BBF0-D4C1-EE46-0CBFD4151D11}.Release|Any CPU.Build.0 = Release|Any CPU
		{5362CD18-4A3F-D31E-875C-6647C69186C5}.Debug|Any CPU.ActiveCfg = Debug|Any CPU
		{5362CD18-4A3F-D31E-875C-6647C69186C5}.Debug|Any CPU.Build.0 = Debug|Any CPU
		{5362CD18-4A3F-D31E-875C-6647C69186C5}.Release|Any CPU.ActiveCfg = Release|Any CPU
		{5362CD18-4A3F-D31E-875C-6647C69186C5}.Release|Any CPU.Build.0 = Release|Any CPU
		{BF9A5080-D7C3-9DB9-D7C6-3CE676B2A0BB}.Debug|Any CPU.ActiveCfg = Debug|Any CPU
		{BF9A5080-D7C3-9DB9-D7C6-3CE676B2A0BB}.Debug|Any CPU.Build.0 = Debug|Any CPU
		{BF9A5080-D7C3-9DB9-D7C6-3CE676B2A0BB}.Release|Any CPU.ActiveCfg = Release|Any CPU
		{BF9A5080-D7C3-9DB9-D7C6-3CE676B2A0BB}.Release|Any CPU.Build.0 = Release|Any CPU
		{9FF2B55E-1CA0-FAE0-DCA4-EBAD5428DAD8}.Debug|Any CPU.ActiveCfg = Debug|Any CPU
		{9FF2B55E-1CA0-FAE0-DCA4-EBAD5428DAD8}.Debug|Any CPU.Build.0 = Debug|Any CPU
		{9FF2B55E-1CA0-FAE0-DCA4-EBAD5428DAD8}.Release|Any CPU.ActiveCfg = Release|Any CPU
		{9FF2B55E-1CA0-FAE0-DCA4-EBAD5428DAD8}.Release|Any CPU.Build.0 = Release|Any CPU
		{5B87E494-03A8-915F-703C-C39EAEFEE955}.Debug|Any CPU.ActiveCfg = Debug|Any CPU
		{5B87E494-03A8-915F-703C-C39EAEFEE955}.Debug|Any CPU.Build.0 = Debug|Any CPU
		{5B87E494-03A8-915F-703C-C39EAEFEE955}.Release|Any CPU.ActiveCfg = Release|Any CPU
		{5B87E494-03A8-915F-703C-C39EAEFEE955}.Release|Any CPU.Build.0 = Release|Any CPU
		{3495E437-A585-39A0-3992-E60DD61A241A}.Debug|Any CPU.ActiveCfg = Debug|Any CPU
		{3495E437-A585-39A0-3992-E60DD61A241A}.Debug|Any CPU.Build.0 = Debug|Any CPU
		{3495E437-A585-39A0-3992-E60DD61A241A}.Release|Any CPU.ActiveCfg = Release|Any CPU
		{3495E437-A585-39A0-3992-E60DD61A241A}.Release|Any CPU.Build.0 = Release|Any CPU
		{26F08BDD-3B04-50F3-7D6D-EB4D89FAFD0C}.Debug|Any CPU.ActiveCfg = Debug|Any CPU
		{26F08BDD-3B04-50F3-7D6D-EB4D89FAFD0C}.Debug|Any CPU.Build.0 = Debug|Any CPU
		{26F08BDD-3B04-50F3-7D6D-EB4D89FAFD0C}.Release|Any CPU.ActiveCfg = Release|Any CPU
		{26F08BDD-3B04-50F3-7D6D-EB4D89FAFD0C}.Release|Any CPU.Build.0 = Release|Any CPU
		{382DD0E9-E692-94F5-C274-013D1E95B1D2}.Debug|Any CPU.ActiveCfg = Debug|Any CPU
		{382DD0E9-E692-94F5-C274-013D1E95B1D2}.Debug|Any CPU.Build.0 = Debug|Any CPU
		{382DD0E9-E692-94F5-C274-013D1E95B1D2}.Release|Any CPU.ActiveCfg = Release|Any CPU
		{382DD0E9-E692-94F5-C274-013D1E95B1D2}.Release|Any CPU.Build.0 = Release|Any CPU
		{D8BB5550-5A1A-5563-BB63-133DD519EE8C}.Debug|Any CPU.ActiveCfg = Debug|Any CPU
		{D8BB5550-5A1A-5563-BB63-133DD519EE8C}.Debug|Any CPU.Build.0 = Debug|Any CPU
		{D8BB5550-5A1A-5563-BB63-133DD519EE8C}.Release|Any CPU.ActiveCfg = Release|Any CPU
		{D8BB5550-5A1A-5563-BB63-133DD519EE8C}.Release|Any CPU.Build.0 = Release|Any CPU
		{6725FCDE-4A93-CE25-AFA8-DD24EC40FA41}.Debug|Any CPU.ActiveCfg = Debug|Any CPU
		{6725FCDE-4A93-CE25-AFA8-DD24EC40FA41}.Debug|Any CPU.Build.0 = Debug|Any CPU
		{6725FCDE-4A93-CE25-AFA8-DD24EC40FA41}.Release|Any CPU.ActiveCfg = Release|Any CPU
		{6725FCDE-4A93-CE25-AFA8-DD24EC40FA41}.Release|Any CPU.Build.0 = Release|Any CPU
		{53A58448-A210-1F79-60F6-EA69EE79F223}.Debug|Any CPU.ActiveCfg = Debug|Any CPU
		{53A58448-A210-1F79-60F6-EA69EE79F223}.Debug|Any CPU.Build.0 = Debug|Any CPU
		{53A58448-A210-1F79-60F6-EA69EE79F223}.Release|Any CPU.ActiveCfg = Release|Any CPU
		{53A58448-A210-1F79-60F6-EA69EE79F223}.Release|Any CPU.Build.0 = Release|Any CPU
=======
		{8C2A6143-0B56-7A92-EF51-AC750A3645D5}.Debug|Any CPU.ActiveCfg = Debug|Any CPU
		{8C2A6143-0B56-7A92-EF51-AC750A3645D5}.Debug|Any CPU.Build.0 = Debug|Any CPU
		{8C2A6143-0B56-7A92-EF51-AC750A3645D5}.Release|Any CPU.ActiveCfg = Release|Any CPU
		{8C2A6143-0B56-7A92-EF51-AC750A3645D5}.Release|Any CPU.Build.0 = Release|Any CPU
		{ECD0B76F-081F-2B21-71CF-4955D96ABE9D}.Debug|Any CPU.ActiveCfg = Debug|Any CPU
		{ECD0B76F-081F-2B21-71CF-4955D96ABE9D}.Debug|Any CPU.Build.0 = Debug|Any CPU
		{ECD0B76F-081F-2B21-71CF-4955D96ABE9D}.Release|Any CPU.ActiveCfg = Release|Any CPU
		{ECD0B76F-081F-2B21-71CF-4955D96ABE9D}.Release|Any CPU.Build.0 = Release|Any CPU
		{2CCFB2D7-2C85-7E20-2D7F-FF2086039118}.Debug|Any CPU.ActiveCfg = Debug|Any CPU
		{2CCFB2D7-2C85-7E20-2D7F-FF2086039118}.Debug|Any CPU.Build.0 = Debug|Any CPU
		{2CCFB2D7-2C85-7E20-2D7F-FF2086039118}.Release|Any CPU.ActiveCfg = Release|Any CPU
		{2CCFB2D7-2C85-7E20-2D7F-FF2086039118}.Release|Any CPU.Build.0 = Release|Any CPU
		{51642919-B762-3128-0CEB-1327AC5EE64C}.Debug|Any CPU.ActiveCfg = Debug|Any CPU
		{51642919-B762-3128-0CEB-1327AC5EE64C}.Debug|Any CPU.Build.0 = Debug|Any CPU
		{51642919-B762-3128-0CEB-1327AC5EE64C}.Release|Any CPU.ActiveCfg = Release|Any CPU
		{51642919-B762-3128-0CEB-1327AC5EE64C}.Release|Any CPU.Build.0 = Release|Any CPU
		{50B1C8D3-FCE4-F51C-911D-563E140DDB10}.Debug|Any CPU.ActiveCfg = Debug|Any CPU
		{50B1C8D3-FCE4-F51C-911D-563E140DDB10}.Debug|Any CPU.Build.0 = Debug|Any CPU
		{50B1C8D3-FCE4-F51C-911D-563E140DDB10}.Release|Any CPU.ActiveCfg = Release|Any CPU
		{50B1C8D3-FCE4-F51C-911D-563E140DDB10}.Release|Any CPU.Build.0 = Release|Any CPU
		{895C504A-DEAA-AA2A-05B3-004EE7E98682}.Debug|Any CPU.ActiveCfg = Debug|Any CPU
		{895C504A-DEAA-AA2A-05B3-004EE7E98682}.Debug|Any CPU.Build.0 = Debug|Any CPU
		{895C504A-DEAA-AA2A-05B3-004EE7E98682}.Release|Any CPU.ActiveCfg = Release|Any CPU
		{895C504A-DEAA-AA2A-05B3-004EE7E98682}.Release|Any CPU.Build.0 = Release|Any CPU
		{4D2173D1-0464-6AB0-772D-B4F272C602B1}.Debug|Any CPU.ActiveCfg = Debug|Any CPU
		{4D2173D1-0464-6AB0-772D-B4F272C602B1}.Debug|Any CPU.Build.0 = Debug|Any CPU
		{4D2173D1-0464-6AB0-772D-B4F272C602B1}.Release|Any CPU.ActiveCfg = Release|Any CPU
		{4D2173D1-0464-6AB0-772D-B4F272C602B1}.Release|Any CPU.Build.0 = Release|Any CPU
		{A22BA302-AB21-0657-52AC-FDBD86E44656}.Debug|Any CPU.ActiveCfg = Debug|Any CPU
		{A22BA302-AB21-0657-52AC-FDBD86E44656}.Debug|Any CPU.Build.0 = Debug|Any CPU
		{A22BA302-AB21-0657-52AC-FDBD86E44656}.Release|Any CPU.ActiveCfg = Release|Any CPU
		{A22BA302-AB21-0657-52AC-FDBD86E44656}.Release|Any CPU.Build.0 = Release|Any CPU
		{C1F69162-32D5-08E1-D922-EF29B030E3EC}.Debug|Any CPU.ActiveCfg = Debug|Any CPU
		{C1F69162-32D5-08E1-D922-EF29B030E3EC}.Debug|Any CPU.Build.0 = Debug|Any CPU
		{C1F69162-32D5-08E1-D922-EF29B030E3EC}.Release|Any CPU.ActiveCfg = Release|Any CPU
		{C1F69162-32D5-08E1-D922-EF29B030E3EC}.Release|Any CPU.Build.0 = Release|Any CPU
		{E4A9814C-D718-CB80-27B8-B081887A52B8}.Debug|Any CPU.ActiveCfg = Debug|Any CPU
		{E4A9814C-D718-CB80-27B8-B081887A52B8}.Debug|Any CPU.Build.0 = Debug|Any CPU
		{E4A9814C-D718-CB80-27B8-B081887A52B8}.Release|Any CPU.ActiveCfg = Release|Any CPU
		{E4A9814C-D718-CB80-27B8-B081887A52B8}.Release|Any CPU.Build.0 = Release|Any CPU
		{78725CD5-31B4-B439-87D8-8DE89C067385}.Debug|Any CPU.ActiveCfg = Debug|Any CPU
		{78725CD5-31B4-B439-87D8-8DE89C067385}.Debug|Any CPU.Build.0 = Debug|Any CPU
		{78725CD5-31B4-B439-87D8-8DE89C067385}.Release|Any CPU.ActiveCfg = Release|Any CPU
		{78725CD5-31B4-B439-87D8-8DE89C067385}.Release|Any CPU.Build.0 = Release|Any CPU
		{26AF03A8-819F-B2B0-697A-8AD07961F5A2}.Debug|Any CPU.ActiveCfg = Debug|Any CPU
		{26AF03A8-819F-B2B0-697A-8AD07961F5A2}.Debug|Any CPU.Build.0 = Debug|Any CPU
		{26AF03A8-819F-B2B0-697A-8AD07961F5A2}.Release|Any CPU.ActiveCfg = Release|Any CPU
		{26AF03A8-819F-B2B0-697A-8AD07961F5A2}.Release|Any CPU.Build.0 = Release|Any CPU
>>>>>>> 59c27e3 (Correzioni Confilitti)
		{F7AFAD7F-6C4C-06D8-8E75-42AFCCDB75D9}.Debug|Any CPU.ActiveCfg = Debug|Any CPU
		{F7AFAD7F-6C4C-06D8-8E75-42AFCCDB75D9}.Debug|Any CPU.Build.0 = Debug|Any CPU
		{F7AFAD7F-6C4C-06D8-8E75-42AFCCDB75D9}.Release|Any CPU.ActiveCfg = Release|Any CPU
		{F7AFAD7F-6C4C-06D8-8E75-42AFCCDB75D9}.Release|Any CPU.Build.0 = Release|Any CPU
<<<<<<< HEAD
		{73369DA0-F6B4-3D88-15E4-C08A10344667}.Debug|Any CPU.ActiveCfg = Debug|Any CPU
		{73369DA0-F6B4-3D88-15E4-C08A10344667}.Debug|Any CPU.Build.0 = Debug|Any CPU
		{73369DA0-F6B4-3D88-15E4-C08A10344667}.Release|Any CPU.ActiveCfg = Release|Any CPU
		{73369DA0-F6B4-3D88-15E4-C08A10344667}.Release|Any CPU.Build.0 = Release|Any CPU
		{F515BF58-CCC0-1F6D-9CD4-9574391C470E}.Debug|Any CPU.ActiveCfg = Debug|Any CPU
		{F515BF58-CCC0-1F6D-9CD4-9574391C470E}.Debug|Any CPU.Build.0 = Debug|Any CPU
		{F515BF58-CCC0-1F6D-9CD4-9574391C470E}.Release|Any CPU.ActiveCfg = Release|Any CPU
		{F515BF58-CCC0-1F6D-9CD4-9574391C470E}.Release|Any CPU.Build.0 = Release|Any CPU
		{F7AE1C46-51F6-9E3C-C8E4-423FBEB49E60}.Debug|Any CPU.ActiveCfg = Debug|Any CPU
		{F7AE1C46-51F6-9E3C-C8E4-423FBEB49E60}.Debug|Any CPU.Build.0 = Debug|Any CPU
		{F7AE1C46-51F6-9E3C-C8E4-423FBEB49E60}.Release|Any CPU.ActiveCfg = Release|Any CPU
		{F7AE1C46-51F6-9E3C-C8E4-423FBEB49E60}.Release|Any CPU.Build.0 = Release|Any CPU
		{09983C0B-906D-3626-3BA8-2AFA4A6BAADD}.Debug|Any CPU.ActiveCfg = Debug|Any CPU
		{09983C0B-906D-3626-3BA8-2AFA4A6BAADD}.Debug|Any CPU.Build.0 = Debug|Any CPU
		{09983C0B-906D-3626-3BA8-2AFA4A6BAADD}.Release|Any CPU.ActiveCfg = Release|Any CPU
		{09983C0B-906D-3626-3BA8-2AFA4A6BAADD}.Release|Any CPU.Build.0 = Release|Any CPU
		{586DBD83-173F-2A38-0631-F5741D28AD25}.Debug|Any CPU.ActiveCfg = Debug|Any CPU
		{586DBD83-173F-2A38-0631-F5741D28AD25}.Debug|Any CPU.Build.0 = Debug|Any CPU
		{586DBD83-173F-2A38-0631-F5741D28AD25}.Release|Any CPU.ActiveCfg = Release|Any CPU
		{586DBD83-173F-2A38-0631-F5741D28AD25}.Release|Any CPU.Build.0 = Release|Any CPU
		{B15A0F2A-DAC0-AE4B-3104-DEF945005D0D}.Debug|Any CPU.ActiveCfg = Debug|Any CPU
		{B15A0F2A-DAC0-AE4B-3104-DEF945005D0D}.Debug|Any CPU.Build.0 = Debug|Any CPU
		{B15A0F2A-DAC0-AE4B-3104-DEF945005D0D}.Release|Any CPU.ActiveCfg = Release|Any CPU
		{B15A0F2A-DAC0-AE4B-3104-DEF945005D0D}.Release|Any CPU.Build.0 = Release|Any CPU
=======
		{34D5805D-5A60-3E08-78D7-9FAA9E6FDB2A}.Debug|Any CPU.ActiveCfg = Debug|Any CPU
		{34D5805D-5A60-3E08-78D7-9FAA9E6FDB2A}.Debug|Any CPU.Build.0 = Debug|Any CPU
		{34D5805D-5A60-3E08-78D7-9FAA9E6FDB2A}.Release|Any CPU.ActiveCfg = Release|Any CPU
		{34D5805D-5A60-3E08-78D7-9FAA9E6FDB2A}.Release|Any CPU.Build.0 = Release|Any CPU
		{5587C28A-3B2D-4C00-0A57-043C50443B09}.Debug|Any CPU.ActiveCfg = Debug|Any CPU
		{5587C28A-3B2D-4C00-0A57-043C50443B09}.Debug|Any CPU.Build.0 = Debug|Any CPU
		{5587C28A-3B2D-4C00-0A57-043C50443B09}.Release|Any CPU.ActiveCfg = Release|Any CPU
		{5587C28A-3B2D-4C00-0A57-043C50443B09}.Release|Any CPU.Build.0 = Release|Any CPU
		{FC7B161D-15DE-AF18-98B6-F068CE030628}.Debug|Any CPU.ActiveCfg = Debug|Any CPU
		{FC7B161D-15DE-AF18-98B6-F068CE030628}.Debug|Any CPU.Build.0 = Debug|Any CPU
		{FC7B161D-15DE-AF18-98B6-F068CE030628}.Release|Any CPU.ActiveCfg = Release|Any CPU
		{FC7B161D-15DE-AF18-98B6-F068CE030628}.Release|Any CPU.Build.0 = Release|Any CPU
		{54B10993-FD9E-C8BF-AC96-A480A1206EF3}.Debug|Any CPU.ActiveCfg = Debug|Any CPU
		{54B10993-FD9E-C8BF-AC96-A480A1206EF3}.Debug|Any CPU.Build.0 = Debug|Any CPU
		{54B10993-FD9E-C8BF-AC96-A480A1206EF3}.Release|Any CPU.ActiveCfg = Release|Any CPU
		{54B10993-FD9E-C8BF-AC96-A480A1206EF3}.Release|Any CPU.Build.0 = Release|Any CPU
		{6A50A53D-CE14-0787-69EF-0ABBF8F84D27}.Debug|Any CPU.ActiveCfg = Debug|Any CPU
		{6A50A53D-CE14-0787-69EF-0ABBF8F84D27}.Debug|Any CPU.Build.0 = Debug|Any CPU
		{6A50A53D-CE14-0787-69EF-0ABBF8F84D27}.Release|Any CPU.ActiveCfg = Release|Any CPU
		{6A50A53D-CE14-0787-69EF-0ABBF8F84D27}.Release|Any CPU.Build.0 = Release|Any CPU
		{ABB2CF53-C657-C516-236C-A3C9F997E5EB}.Debug|Any CPU.ActiveCfg = Debug|Any CPU
		{ABB2CF53-C657-C516-236C-A3C9F997E5EB}.Debug|Any CPU.Build.0 = Debug|Any CPU
		{ABB2CF53-C657-C516-236C-A3C9F997E5EB}.Release|Any CPU.ActiveCfg = Release|Any CPU
		{ABB2CF53-C657-C516-236C-A3C9F997E5EB}.Release|Any CPU.Build.0 = Release|Any CPU
>>>>>>> 59c27e3 (Correzioni Confilitti)
		{9AD10AB3-E53A-A013-533F-2B1D60E6C4FE}.Debug|Any CPU.ActiveCfg = Debug|Any CPU
		{9AD10AB3-E53A-A013-533F-2B1D60E6C4FE}.Debug|Any CPU.Build.0 = Debug|Any CPU
		{9AD10AB3-E53A-A013-533F-2B1D60E6C4FE}.Release|Any CPU.ActiveCfg = Release|Any CPU
		{9AD10AB3-E53A-A013-533F-2B1D60E6C4FE}.Release|Any CPU.Build.0 = Release|Any CPU
<<<<<<< HEAD
		{1D48766B-0483-147B-E44B-C50159F41A89}.Debug|Any CPU.ActiveCfg = Debug|Any CPU
		{1D48766B-0483-147B-E44B-C50159F41A89}.Debug|Any CPU.Build.0 = Debug|Any CPU
		{1D48766B-0483-147B-E44B-C50159F41A89}.Release|Any CPU.ActiveCfg = Release|Any CPU
		{1D48766B-0483-147B-E44B-C50159F41A89}.Release|Any CPU.Build.0 = Release|Any CPU
		{1A97D7CE-61FB-01A3-4DB0-027053086A3F}.Debug|Any CPU.ActiveCfg = Debug|Any CPU
		{1A97D7CE-61FB-01A3-4DB0-027053086A3F}.Debug|Any CPU.Build.0 = Debug|Any CPU
		{1A97D7CE-61FB-01A3-4DB0-027053086A3F}.Release|Any CPU.ActiveCfg = Release|Any CPU
		{1A97D7CE-61FB-01A3-4DB0-027053086A3F}.Release|Any CPU.Build.0 = Release|Any CPU
		{92ADEA7B-8296-BC24-7B5D-F56A3793594D}.Debug|Any CPU.ActiveCfg = Debug|Any CPU
		{92ADEA7B-8296-BC24-7B5D-F56A3793594D}.Debug|Any CPU.Build.0 = Debug|Any CPU
		{92ADEA7B-8296-BC24-7B5D-F56A3793594D}.Release|Any CPU.ActiveCfg = Release|Any CPU
		{92ADEA7B-8296-BC24-7B5D-F56A3793594D}.Release|Any CPU.Build.0 = Release|Any CPU
		{350D0307-3B5D-6811-0FEF-F5544FA230D6}.Debug|Any CPU.ActiveCfg = Debug|Any CPU
		{350D0307-3B5D-6811-0FEF-F5544FA230D6}.Debug|Any CPU.Build.0 = Debug|Any CPU
		{350D0307-3B5D-6811-0FEF-F5544FA230D6}.Release|Any CPU.ActiveCfg = Release|Any CPU
		{350D0307-3B5D-6811-0FEF-F5544FA230D6}.Release|Any CPU.Build.0 = Release|Any CPU
		{4D9357D5-81DC-6729-DDAC-3D1B2F9D4528}.Debug|Any CPU.ActiveCfg = Debug|Any CPU
		{4D9357D5-81DC-6729-DDAC-3D1B2F9D4528}.Debug|Any CPU.Build.0 = Debug|Any CPU
		{4D9357D5-81DC-6729-DDAC-3D1B2F9D4528}.Release|Any CPU.ActiveCfg = Release|Any CPU
		{4D9357D5-81DC-6729-DDAC-3D1B2F9D4528}.Release|Any CPU.Build.0 = Release|Any CPU
		{EE577081-FF7B-80A7-C680-430D537C7897}.Debug|Any CPU.ActiveCfg = Debug|Any CPU
		{EE577081-FF7B-80A7-C680-430D537C7897}.Debug|Any CPU.Build.0 = Debug|Any CPU
		{EE577081-FF7B-80A7-C680-430D537C7897}.Release|Any CPU.ActiveCfg = Release|Any CPU
		{EE577081-FF7B-80A7-C680-430D537C7897}.Release|Any CPU.Build.0 = Release|Any CPU
		{F12C8817-3336-86A2-8C48-D5D8D65CC801}.Debug|Any CPU.ActiveCfg = Debug|Any CPU
		{F12C8817-3336-86A2-8C48-D5D8D65CC801}.Debug|Any CPU.Build.0 = Debug|Any CPU
		{F12C8817-3336-86A2-8C48-D5D8D65CC801}.Release|Any CPU.ActiveCfg = Release|Any CPU
		{F12C8817-3336-86A2-8C48-D5D8D65CC801}.Release|Any CPU.Build.0 = Release|Any CPU
		{D358EEDB-4EF5-E590-A344-74E34452F64E}.Debug|Any CPU.ActiveCfg = Debug|Any CPU
		{D358EEDB-4EF5-E590-A344-74E34452F64E}.Debug|Any CPU.Build.0 = Debug|Any CPU
		{D358EEDB-4EF5-E590-A344-74E34452F64E}.Release|Any CPU.ActiveCfg = Release|Any CPU
		{D358EEDB-4EF5-E590-A344-74E34452F64E}.Release|Any CPU.Build.0 = Release|Any CPU
=======
		{A6E2988D-4243-A3CA-07C3-AABFA8227DE9}.Debug|Any CPU.ActiveCfg = Debug|Any CPU
		{A6E2988D-4243-A3CA-07C3-AABFA8227DE9}.Debug|Any CPU.Build.0 = Debug|Any CPU
		{A6E2988D-4243-A3CA-07C3-AABFA8227DE9}.Release|Any CPU.ActiveCfg = Release|Any CPU
		{A6E2988D-4243-A3CA-07C3-AABFA8227DE9}.Release|Any CPU.Build.0 = Release|Any CPU
		{59B22AC2-4693-C97E-F478-4E10E0813178}.Debug|Any CPU.ActiveCfg = Debug|Any CPU
		{59B22AC2-4693-C97E-F478-4E10E0813178}.Debug|Any CPU.Build.0 = Debug|Any CPU
		{59B22AC2-4693-C97E-F478-4E10E0813178}.Release|Any CPU.ActiveCfg = Release|Any CPU
		{59B22AC2-4693-C97E-F478-4E10E0813178}.Release|Any CPU.Build.0 = Release|Any CPU
		{82D6459B-D64B-26DC-00BA-C4B804D77BAC}.Debug|Any CPU.ActiveCfg = Debug|Any CPU
		{82D6459B-D64B-26DC-00BA-C4B804D77BAC}.Debug|Any CPU.Build.0 = Debug|Any CPU
		{82D6459B-D64B-26DC-00BA-C4B804D77BAC}.Release|Any CPU.ActiveCfg = Release|Any CPU
		{82D6459B-D64B-26DC-00BA-C4B804D77BAC}.Release|Any CPU.Build.0 = Release|Any CPU
		{75D2380E-EA18-EAEB-9C63-B58B354FC899}.Debug|Any CPU.ActiveCfg = Debug|Any CPU
		{75D2380E-EA18-EAEB-9C63-B58B354FC899}.Debug|Any CPU.Build.0 = Debug|Any CPU
		{75D2380E-EA18-EAEB-9C63-B58B354FC899}.Release|Any CPU.ActiveCfg = Release|Any CPU
		{75D2380E-EA18-EAEB-9C63-B58B354FC899}.Release|Any CPU.Build.0 = Release|Any CPU
		{11F94116-D2CF-07DB-56A5-B87C05B853F3}.Debug|Any CPU.ActiveCfg = Debug|Any CPU
		{11F94116-D2CF-07DB-56A5-B87C05B853F3}.Debug|Any CPU.Build.0 = Debug|Any CPU
		{11F94116-D2CF-07DB-56A5-B87C05B853F3}.Release|Any CPU.ActiveCfg = Release|Any CPU
		{11F94116-D2CF-07DB-56A5-B87C05B853F3}.Release|Any CPU.Build.0 = Release|Any CPU
		{6833B806-2F28-9D11-A8DD-916CA7BF93A2}.Debug|Any CPU.ActiveCfg = Debug|Any CPU
		{6833B806-2F28-9D11-A8DD-916CA7BF93A2}.Debug|Any CPU.Build.0 = Debug|Any CPU
		{6833B806-2F28-9D11-A8DD-916CA7BF93A2}.Release|Any CPU.ActiveCfg = Release|Any CPU
		{6833B806-2F28-9D11-A8DD-916CA7BF93A2}.Release|Any CPU.Build.0 = Release|Any CPU
		{68442688-B23C-8E90-FF68-CAABD837DE52}.Debug|Any CPU.ActiveCfg = Debug|Any CPU
		{68442688-B23C-8E90-FF68-CAABD837DE52}.Debug|Any CPU.Build.0 = Debug|Any CPU
		{68442688-B23C-8E90-FF68-CAABD837DE52}.Release|Any CPU.ActiveCfg = Release|Any CPU
		{68442688-B23C-8E90-FF68-CAABD837DE52}.Release|Any CPU.Build.0 = Release|Any CPU
		{C34C7952-73E4-629A-E449-F4020329C58E}.Debug|Any CPU.ActiveCfg = Debug|Any CPU
		{C34C7952-73E4-629A-E449-F4020329C58E}.Debug|Any CPU.Build.0 = Debug|Any CPU
		{C34C7952-73E4-629A-E449-F4020329C58E}.Release|Any CPU.ActiveCfg = Release|Any CPU
		{C34C7952-73E4-629A-E449-F4020329C58E}.Release|Any CPU.Build.0 = Release|Any CPU
>>>>>>> 59c27e3 (Correzioni Confilitti)
		{49CCB696-72C8-768C-B42E-DEA3F28BBCF3}.Debug|Any CPU.ActiveCfg = Debug|Any CPU
		{49CCB696-72C8-768C-B42E-DEA3F28BBCF3}.Debug|Any CPU.Build.0 = Debug|Any CPU
		{49CCB696-72C8-768C-B42E-DEA3F28BBCF3}.Release|Any CPU.ActiveCfg = Release|Any CPU
		{49CCB696-72C8-768C-B42E-DEA3F28BBCF3}.Release|Any CPU.Build.0 = Release|Any CPU
<<<<<<< HEAD
		{A0390061-AA6A-9777-C352-5C7325CB2784}.Debug|Any CPU.ActiveCfg = Debug|Any CPU
		{A0390061-AA6A-9777-C352-5C7325CB2784}.Debug|Any CPU.Build.0 = Debug|Any CPU
		{A0390061-AA6A-9777-C352-5C7325CB2784}.Release|Any CPU.ActiveCfg = Release|Any CPU
		{A0390061-AA6A-9777-C352-5C7325CB2784}.Release|Any CPU.Build.0 = Release|Any CPU
		{B12BB141-F6EE-E229-08F8-1181D49CCA25}.Debug|Any CPU.ActiveCfg = Debug|Any CPU
		{B12BB141-F6EE-E229-08F8-1181D49CCA25}.Debug|Any CPU.Build.0 = Debug|Any CPU
		{B12BB141-F6EE-E229-08F8-1181D49CCA25}.Release|Any CPU.ActiveCfg = Release|Any CPU
		{B12BB141-F6EE-E229-08F8-1181D49CCA25}.Release|Any CPU.Build.0 = Release|Any CPU
		{35F7B66B-4A78-F157-1586-3E54CDC42B00}.Debug|Any CPU.ActiveCfg = Debug|Any CPU
		{35F7B66B-4A78-F157-1586-3E54CDC42B00}.Debug|Any CPU.Build.0 = Debug|Any CPU
		{35F7B66B-4A78-F157-1586-3E54CDC42B00}.Release|Any CPU.ActiveCfg = Release|Any CPU
		{35F7B66B-4A78-F157-1586-3E54CDC42B00}.Release|Any CPU.Build.0 = Release|Any CPU
		{7FEC2911-2573-BC10-F55B-BFB6FDAA99C1}.Debug|Any CPU.ActiveCfg = Debug|Any CPU
		{7FEC2911-2573-BC10-F55B-BFB6FDAA99C1}.Debug|Any CPU.Build.0 = Debug|Any CPU
		{7FEC2911-2573-BC10-F55B-BFB6FDAA99C1}.Release|Any CPU.ActiveCfg = Release|Any CPU
		{7FEC2911-2573-BC10-F55B-BFB6FDAA99C1}.Release|Any CPU.Build.0 = Release|Any CPU
		{E259BB0F-4686-BE40-FBD2-5C55A96A72B7}.Debug|Any CPU.ActiveCfg = Debug|Any CPU
		{E259BB0F-4686-BE40-FBD2-5C55A96A72B7}.Debug|Any CPU.Build.0 = Debug|Any CPU
		{E259BB0F-4686-BE40-FBD2-5C55A96A72B7}.Release|Any CPU.ActiveCfg = Release|Any CPU
		{E259BB0F-4686-BE40-FBD2-5C55A96A72B7}.Release|Any CPU.Build.0 = Release|Any CPU
		{D3CCE8D5-2A6B-5D91-F902-A04B872CB2CD}.Debug|Any CPU.ActiveCfg = Debug|Any CPU
		{D3CCE8D5-2A6B-5D91-F902-A04B872CB2CD}.Debug|Any CPU.Build.0 = Debug|Any CPU
		{D3CCE8D5-2A6B-5D91-F902-A04B872CB2CD}.Release|Any CPU.ActiveCfg = Release|Any CPU
		{D3CCE8D5-2A6B-5D91-F902-A04B872CB2CD}.Release|Any CPU.Build.0 = Release|Any CPU
		{E310E682-2435-0E7F-6E67-5A60FEB89E46}.Debug|Any CPU.ActiveCfg = Debug|Any CPU
		{E310E682-2435-0E7F-6E67-5A60FEB89E46}.Debug|Any CPU.Build.0 = Debug|Any CPU
		{E310E682-2435-0E7F-6E67-5A60FEB89E46}.Release|Any CPU.ActiveCfg = Release|Any CPU
		{E310E682-2435-0E7F-6E67-5A60FEB89E46}.Release|Any CPU.Build.0 = Release|Any CPU
		{836C41CE-C54C-E8B3-277D-4B8B323CC20A}.Debug|Any CPU.ActiveCfg = Debug|Any CPU
		{836C41CE-C54C-E8B3-277D-4B8B323CC20A}.Debug|Any CPU.Build.0 = Debug|Any CPU
		{836C41CE-C54C-E8B3-277D-4B8B323CC20A}.Release|Any CPU.ActiveCfg = Release|Any CPU
		{836C41CE-C54C-E8B3-277D-4B8B323CC20A}.Release|Any CPU.Build.0 = Release|Any CPU
		{F120338B-1E1C-4B18-F622-7F363767B02A}.Debug|Any CPU.ActiveCfg = Debug|Any CPU
		{F120338B-1E1C-4B18-F622-7F363767B02A}.Debug|Any CPU.Build.0 = Debug|Any CPU
		{F120338B-1E1C-4B18-F622-7F363767B02A}.Release|Any CPU.ActiveCfg = Release|Any CPU
		{F120338B-1E1C-4B18-F622-7F363767B02A}.Release|Any CPU.Build.0 = Release|Any CPU
		{ED6597BA-AF6F-924F-B185-9A2026C7665C}.Debug|Any CPU.ActiveCfg = Debug|Any CPU
		{ED6597BA-AF6F-924F-B185-9A2026C7665C}.Debug|Any CPU.Build.0 = Debug|Any CPU
		{ED6597BA-AF6F-924F-B185-9A2026C7665C}.Release|Any CPU.ActiveCfg = Release|Any CPU
		{ED6597BA-AF6F-924F-B185-9A2026C7665C}.Release|Any CPU.Build.0 = Release|Any CPU
		{F149E1E8-5D7F-364B-10DD-3AB43CC582D0}.Debug|Any CPU.ActiveCfg = Debug|Any CPU
		{F149E1E8-5D7F-364B-10DD-3AB43CC582D0}.Debug|Any CPU.Build.0 = Debug|Any CPU
		{F149E1E8-5D7F-364B-10DD-3AB43CC582D0}.Release|Any CPU.ActiveCfg = Release|Any CPU
		{F149E1E8-5D7F-364B-10DD-3AB43CC582D0}.Release|Any CPU.Build.0 = Release|Any CPU
		{0E42849F-542B-2008-E001-8A52AF632F3C}.Debug|Any CPU.ActiveCfg = Debug|Any CPU
		{0E42849F-542B-2008-E001-8A52AF632F3C}.Debug|Any CPU.Build.0 = Debug|Any CPU
		{0E42849F-542B-2008-E001-8A52AF632F3C}.Release|Any CPU.ActiveCfg = Release|Any CPU
		{0E42849F-542B-2008-E001-8A52AF632F3C}.Release|Any CPU.Build.0 = Release|Any CPU
		{6FFD9470-97C8-15B0-4000-4068DC54961C}.Debug|Any CPU.ActiveCfg = Debug|Any CPU
		{6FFD9470-97C8-15B0-4000-4068DC54961C}.Debug|Any CPU.Build.0 = Debug|Any CPU
		{6FFD9470-97C8-15B0-4000-4068DC54961C}.Release|Any CPU.ActiveCfg = Release|Any CPU
		{6FFD9470-97C8-15B0-4000-4068DC54961C}.Release|Any CPU.Build.0 = Release|Any CPU
		{C69ED027-2727-F1DC-8143-A38F324265B9}.Debug|Any CPU.ActiveCfg = Debug|Any CPU
		{C69ED027-2727-F1DC-8143-A38F324265B9}.Debug|Any CPU.Build.0 = Debug|Any CPU
		{C69ED027-2727-F1DC-8143-A38F324265B9}.Release|Any CPU.ActiveCfg = Release|Any CPU
		{C69ED027-2727-F1DC-8143-A38F324265B9}.Release|Any CPU.Build.0 = Release|Any CPU
		{BAC134DE-1E92-265C-A056-81AA4C3C4ADB}.Debug|Any CPU.ActiveCfg = Debug|Any CPU
		{BAC134DE-1E92-265C-A056-81AA4C3C4ADB}.Debug|Any CPU.Build.0 = Debug|Any CPU
		{BAC134DE-1E92-265C-A056-81AA4C3C4ADB}.Release|Any CPU.ActiveCfg = Release|Any CPU
		{BAC134DE-1E92-265C-A056-81AA4C3C4ADB}.Release|Any CPU.Build.0 = Release|Any CPU
		{A20CFAA2-730B-6F20-374E-C788D031CA05}.Debug|Any CPU.ActiveCfg = Debug|Any CPU
		{A20CFAA2-730B-6F20-374E-C788D031CA05}.Debug|Any CPU.Build.0 = Debug|Any CPU
		{A20CFAA2-730B-6F20-374E-C788D031CA05}.Release|Any CPU.ActiveCfg = Release|Any CPU
		{A20CFAA2-730B-6F20-374E-C788D031CA05}.Release|Any CPU.Build.0 = Release|Any CPU
		{CACDD06B-0441-F207-3D8E-57D787DE560A}.Debug|Any CPU.ActiveCfg = Debug|Any CPU
		{CACDD06B-0441-F207-3D8E-57D787DE560A}.Debug|Any CPU.Build.0 = Debug|Any CPU
		{CACDD06B-0441-F207-3D8E-57D787DE560A}.Release|Any CPU.ActiveCfg = Release|Any CPU
		{CACDD06B-0441-F207-3D8E-57D787DE560A}.Release|Any CPU.Build.0 = Release|Any CPU
=======
		{F4B5D860-0777-DC94-1096-985E06306668}.Debug|Any CPU.ActiveCfg = Debug|Any CPU
		{F4B5D860-0777-DC94-1096-985E06306668}.Debug|Any CPU.Build.0 = Debug|Any CPU
		{F4B5D860-0777-DC94-1096-985E06306668}.Release|Any CPU.ActiveCfg = Release|Any CPU
		{F4B5D860-0777-DC94-1096-985E06306668}.Release|Any CPU.Build.0 = Release|Any CPU
		{8F50E60C-54E6-EDF5-3C48-68E1C6F82507}.Debug|Any CPU.ActiveCfg = Debug|Any CPU
		{8F50E60C-54E6-EDF5-3C48-68E1C6F82507}.Debug|Any CPU.Build.0 = Debug|Any CPU
		{8F50E60C-54E6-EDF5-3C48-68E1C6F82507}.Release|Any CPU.ActiveCfg = Release|Any CPU
		{8F50E60C-54E6-EDF5-3C48-68E1C6F82507}.Release|Any CPU.Build.0 = Release|Any CPU
		{827CBBA5-D7DC-5BC5-ADF8-E782FEDF2DB5}.Debug|Any CPU.ActiveCfg = Debug|Any CPU
		{827CBBA5-D7DC-5BC5-ADF8-E782FEDF2DB5}.Debug|Any CPU.Build.0 = Debug|Any CPU
		{827CBBA5-D7DC-5BC5-ADF8-E782FEDF2DB5}.Release|Any CPU.ActiveCfg = Release|Any CPU
		{827CBBA5-D7DC-5BC5-ADF8-E782FEDF2DB5}.Release|Any CPU.Build.0 = Release|Any CPU
		{2DF7B511-1257-3C90-E955-B6D863464D60}.Debug|Any CPU.ActiveCfg = Debug|Any CPU
		{2DF7B511-1257-3C90-E955-B6D863464D60}.Debug|Any CPU.Build.0 = Debug|Any CPU
		{2DF7B511-1257-3C90-E955-B6D863464D60}.Release|Any CPU.ActiveCfg = Release|Any CPU
		{2DF7B511-1257-3C90-E955-B6D863464D60}.Release|Any CPU.Build.0 = Release|Any CPU
		{3BD07642-46B7-CD28-D9DA-8322D5B3BECE}.Debug|Any CPU.ActiveCfg = Debug|Any CPU
		{3BD07642-46B7-CD28-D9DA-8322D5B3BECE}.Debug|Any CPU.Build.0 = Debug|Any CPU
		{3BD07642-46B7-CD28-D9DA-8322D5B3BECE}.Release|Any CPU.ActiveCfg = Release|Any CPU
		{3BD07642-46B7-CD28-D9DA-8322D5B3BECE}.Release|Any CPU.Build.0 = Release|Any CPU
		{B33331D3-4CBC-BC23-1D7D-A9F4D895FE63}.Debug|Any CPU.ActiveCfg = Debug|Any CPU
		{B33331D3-4CBC-BC23-1D7D-A9F4D895FE63}.Debug|Any CPU.Build.0 = Debug|Any CPU
		{B33331D3-4CBC-BC23-1D7D-A9F4D895FE63}.Release|Any CPU.ActiveCfg = Release|Any CPU
		{B33331D3-4CBC-BC23-1D7D-A9F4D895FE63}.Release|Any CPU.Build.0 = Release|Any CPU
		{83196956-F02A-8AC0-08F9-6D5DBD04F2E4}.Debug|Any CPU.ActiveCfg = Debug|Any CPU
		{83196956-F02A-8AC0-08F9-6D5DBD04F2E4}.Debug|Any CPU.Build.0 = Debug|Any CPU
		{83196956-F02A-8AC0-08F9-6D5DBD04F2E4}.Release|Any CPU.ActiveCfg = Release|Any CPU
		{83196956-F02A-8AC0-08F9-6D5DBD04F2E4}.Release|Any CPU.Build.0 = Release|Any CPU
		{0EB67818-46CE-1110-6A98-E16FA4ABE146}.Debug|Any CPU.ActiveCfg = Debug|Any CPU
		{0EB67818-46CE-1110-6A98-E16FA4ABE146}.Debug|Any CPU.Build.0 = Debug|Any CPU
		{0EB67818-46CE-1110-6A98-E16FA4ABE146}.Release|Any CPU.ActiveCfg = Release|Any CPU
		{0EB67818-46CE-1110-6A98-E16FA4ABE146}.Release|Any CPU.Build.0 = Release|Any CPU
		{FF8F66CB-0F5E-FB85-DACA-8308C4AD78BE}.Debug|Any CPU.ActiveCfg = Debug|Any CPU
		{FF8F66CB-0F5E-FB85-DACA-8308C4AD78BE}.Debug|Any CPU.Build.0 = Debug|Any CPU
		{FF8F66CB-0F5E-FB85-DACA-8308C4AD78BE}.Release|Any CPU.ActiveCfg = Release|Any CPU
		{FF8F66CB-0F5E-FB85-DACA-8308C4AD78BE}.Release|Any CPU.Build.0 = Release|Any CPU
		{37EEC178-7D6C-00F9-0984-02C3E3DED1D1}.Debug|Any CPU.ActiveCfg = Debug|Any CPU
		{37EEC178-7D6C-00F9-0984-02C3E3DED1D1}.Debug|Any CPU.Build.0 = Debug|Any CPU
		{37EEC178-7D6C-00F9-0984-02C3E3DED1D1}.Release|Any CPU.ActiveCfg = Release|Any CPU
		{37EEC178-7D6C-00F9-0984-02C3E3DED1D1}.Release|Any CPU.Build.0 = Release|Any CPU
		{8A71981D-9AC4-6DBD-7186-5E03958B237E}.Debug|Any CPU.ActiveCfg = Debug|Any CPU
		{8A71981D-9AC4-6DBD-7186-5E03958B237E}.Debug|Any CPU.Build.0 = Debug|Any CPU
		{8A71981D-9AC4-6DBD-7186-5E03958B237E}.Release|Any CPU.ActiveCfg = Release|Any CPU
		{8A71981D-9AC4-6DBD-7186-5E03958B237E}.Release|Any CPU.Build.0 = Release|Any CPU
		{3ABF7D49-BF45-BAA6-43B8-E7CB25F4AAEF}.Debug|Any CPU.ActiveCfg = Debug|Any CPU
		{3ABF7D49-BF45-BAA6-43B8-E7CB25F4AAEF}.Debug|Any CPU.Build.0 = Debug|Any CPU
		{3ABF7D49-BF45-BAA6-43B8-E7CB25F4AAEF}.Release|Any CPU.ActiveCfg = Release|Any CPU
		{3ABF7D49-BF45-BAA6-43B8-E7CB25F4AAEF}.Release|Any CPU.Build.0 = Release|Any CPU
		{C00738AB-3E32-0C25-96FC-F1075DC3B7F3}.Debug|Any CPU.ActiveCfg = Debug|Any CPU
		{C00738AB-3E32-0C25-96FC-F1075DC3B7F3}.Debug|Any CPU.Build.0 = Debug|Any CPU
		{C00738AB-3E32-0C25-96FC-F1075DC3B7F3}.Release|Any CPU.ActiveCfg = Release|Any CPU
		{C00738AB-3E32-0C25-96FC-F1075DC3B7F3}.Release|Any CPU.Build.0 = Release|Any CPU
		{F6B742EC-2E9B-7168-8E4C-F6F91D7B2C9E}.Debug|Any CPU.ActiveCfg = Debug|Any CPU
		{F6B742EC-2E9B-7168-8E4C-F6F91D7B2C9E}.Debug|Any CPU.Build.0 = Debug|Any CPU
		{F6B742EC-2E9B-7168-8E4C-F6F91D7B2C9E}.Release|Any CPU.ActiveCfg = Release|Any CPU
		{F6B742EC-2E9B-7168-8E4C-F6F91D7B2C9E}.Release|Any CPU.Build.0 = Release|Any CPU
		{C3BD916F-AF27-B98D-0B88-2335C82E6E6D}.Debug|Any CPU.ActiveCfg = Debug|Any CPU
		{C3BD916F-AF27-B98D-0B88-2335C82E6E6D}.Debug|Any CPU.Build.0 = Debug|Any CPU
		{C3BD916F-AF27-B98D-0B88-2335C82E6E6D}.Release|Any CPU.ActiveCfg = Release|Any CPU
		{C3BD916F-AF27-B98D-0B88-2335C82E6E6D}.Release|Any CPU.Build.0 = Release|Any CPU
		{7BD6F02F-2978-B38A-9597-5E260BF8C44E}.Debug|Any CPU.ActiveCfg = Debug|Any CPU
		{7BD6F02F-2978-B38A-9597-5E260BF8C44E}.Debug|Any CPU.Build.0 = Debug|Any CPU
		{7BD6F02F-2978-B38A-9597-5E260BF8C44E}.Release|Any CPU.ActiveCfg = Release|Any CPU
		{7BD6F02F-2978-B38A-9597-5E260BF8C44E}.Release|Any CPU.Build.0 = Release|Any CPU
		{6C747DFA-05E5-F357-0B60-46863390C219}.Debug|Any CPU.ActiveCfg = Debug|Any CPU
		{6C747DFA-05E5-F357-0B60-46863390C219}.Debug|Any CPU.Build.0 = Debug|Any CPU
		{6C747DFA-05E5-F357-0B60-46863390C219}.Release|Any CPU.ActiveCfg = Release|Any CPU
		{6C747DFA-05E5-F357-0B60-46863390C219}.Release|Any CPU.Build.0 = Release|Any CPU
>>>>>>> 59c27e3 (Correzioni Confilitti)
		{D5D4D73A-7019-60EF-9276-2E746EEB0AE8}.Debug|Any CPU.ActiveCfg = Debug|Any CPU
		{D5D4D73A-7019-60EF-9276-2E746EEB0AE8}.Debug|Any CPU.Build.0 = Debug|Any CPU
		{D5D4D73A-7019-60EF-9276-2E746EEB0AE8}.Release|Any CPU.ActiveCfg = Release|Any CPU
		{D5D4D73A-7019-60EF-9276-2E746EEB0AE8}.Release|Any CPU.Build.0 = Release|Any CPU
		{2F1C08D8-304C-E5E0-1F91-22D16D422F35}.Debug|Any CPU.ActiveCfg = Debug|Any CPU
		{2F1C08D8-304C-E5E0-1F91-22D16D422F35}.Debug|Any CPU.Build.0 = Debug|Any CPU
		{2F1C08D8-304C-E5E0-1F91-22D16D422F35}.Release|Any CPU.ActiveCfg = Release|Any CPU
		{2F1C08D8-304C-E5E0-1F91-22D16D422F35}.Release|Any CPU.Build.0 = Release|Any CPU
<<<<<<< HEAD
		{8989FA1D-5492-53BE-E5DD-C4F4C9E161F1}.Debug|Any CPU.ActiveCfg = Debug|Any CPU
		{8989FA1D-5492-53BE-E5DD-C4F4C9E161F1}.Debug|Any CPU.Build.0 = Debug|Any CPU
		{8989FA1D-5492-53BE-E5DD-C4F4C9E161F1}.Release|Any CPU.ActiveCfg = Release|Any CPU
		{8989FA1D-5492-53BE-E5DD-C4F4C9E161F1}.Release|Any CPU.Build.0 = Release|Any CPU
		{DD105CB7-D147-531B-1823-C86C778987C3}.Debug|Any CPU.ActiveCfg = Debug|Any CPU
		{DD105CB7-D147-531B-1823-C86C778987C3}.Debug|Any CPU.Build.0 = Debug|Any CPU
		{DD105CB7-D147-531B-1823-C86C778987C3}.Release|Any CPU.ActiveCfg = Release|Any CPU
		{DD105CB7-D147-531B-1823-C86C778987C3}.Release|Any CPU.Build.0 = Release|Any CPU
		{8E3E47C9-4494-655F-9FDC-E789ACDB61FB}.Debug|Any CPU.ActiveCfg = Debug|Any CPU
		{8E3E47C9-4494-655F-9FDC-E789ACDB61FB}.Debug|Any CPU.Build.0 = Debug|Any CPU
		{8E3E47C9-4494-655F-9FDC-E789ACDB61FB}.Release|Any CPU.ActiveCfg = Release|Any CPU
		{8E3E47C9-4494-655F-9FDC-E789ACDB61FB}.Release|Any CPU.Build.0 = Release|Any CPU
		{31115571-F800-9D8E-75A8-62C17780EF38}.Debug|Any CPU.ActiveCfg = Debug|Any CPU
		{31115571-F800-9D8E-75A8-62C17780EF38}.Debug|Any CPU.Build.0 = Debug|Any CPU
		{31115571-F800-9D8E-75A8-62C17780EF38}.Release|Any CPU.ActiveCfg = Release|Any CPU
		{31115571-F800-9D8E-75A8-62C17780EF38}.Release|Any CPU.Build.0 = Release|Any CPU
=======
		{12209B64-210E-8FE3-A682-57334B4C6F22}.Debug|Any CPU.ActiveCfg = Debug|Any CPU
		{12209B64-210E-8FE3-A682-57334B4C6F22}.Debug|Any CPU.Build.0 = Debug|Any CPU
		{12209B64-210E-8FE3-A682-57334B4C6F22}.Release|Any CPU.ActiveCfg = Release|Any CPU
		{12209B64-210E-8FE3-A682-57334B4C6F22}.Release|Any CPU.Build.0 = Release|Any CPU
		{597C2E49-9D98-E0FC-C1A3-5A1C6DCAC2C3}.Debug|Any CPU.ActiveCfg = Debug|Any CPU
		{597C2E49-9D98-E0FC-C1A3-5A1C6DCAC2C3}.Debug|Any CPU.Build.0 = Debug|Any CPU
		{597C2E49-9D98-E0FC-C1A3-5A1C6DCAC2C3}.Release|Any CPU.ActiveCfg = Release|Any CPU
		{597C2E49-9D98-E0FC-C1A3-5A1C6DCAC2C3}.Release|Any CPU.Build.0 = Release|Any CPU
		{E1506AB3-FD0F-76EB-4A6B-847A88D584CC}.Debug|Any CPU.ActiveCfg = Debug|Any CPU
		{E1506AB3-FD0F-76EB-4A6B-847A88D584CC}.Debug|Any CPU.Build.0 = Debug|Any CPU
		{E1506AB3-FD0F-76EB-4A6B-847A88D584CC}.Release|Any CPU.ActiveCfg = Release|Any CPU
		{E1506AB3-FD0F-76EB-4A6B-847A88D584CC}.Release|Any CPU.Build.0 = Release|Any CPU
		{D349089B-8334-796C-C23E-24ACDC4ABB99}.Debug|Any CPU.ActiveCfg = Debug|Any CPU
		{D349089B-8334-796C-C23E-24ACDC4ABB99}.Debug|Any CPU.Build.0 = Debug|Any CPU
		{D349089B-8334-796C-C23E-24ACDC4ABB99}.Release|Any CPU.ActiveCfg = Release|Any CPU
		{D349089B-8334-796C-C23E-24ACDC4ABB99}.Release|Any CPU.Build.0 = Release|Any CPU
>>>>>>> 59c27e3 (Correzioni Confilitti)
		{B8799D54-A86B-F78E-EEF9-F5A2F2C6E78A}.Debug|Any CPU.ActiveCfg = Debug|Any CPU
		{B8799D54-A86B-F78E-EEF9-F5A2F2C6E78A}.Debug|Any CPU.Build.0 = Debug|Any CPU
		{B8799D54-A86B-F78E-EEF9-F5A2F2C6E78A}.Release|Any CPU.ActiveCfg = Release|Any CPU
		{B8799D54-A86B-F78E-EEF9-F5A2F2C6E78A}.Release|Any CPU.Build.0 = Release|Any CPU
<<<<<<< HEAD
		{193E60D8-B28D-A399-D187-DB2DF7DA1B8D}.Debug|Any CPU.ActiveCfg = Debug|Any CPU
		{193E60D8-B28D-A399-D187-DB2DF7DA1B8D}.Debug|Any CPU.Build.0 = Debug|Any CPU
		{193E60D8-B28D-A399-D187-DB2DF7DA1B8D}.Release|Any CPU.ActiveCfg = Release|Any CPU
		{193E60D8-B28D-A399-D187-DB2DF7DA1B8D}.Release|Any CPU.Build.0 = Release|Any CPU
=======
		{70BDCAE5-A496-B97D-BAA2-7F83C5073957}.Debug|Any CPU.ActiveCfg = Debug|Any CPU
		{70BDCAE5-A496-B97D-BAA2-7F83C5073957}.Debug|Any CPU.Build.0 = Debug|Any CPU
		{70BDCAE5-A496-B97D-BAA2-7F83C5073957}.Release|Any CPU.ActiveCfg = Release|Any CPU
		{70BDCAE5-A496-B97D-BAA2-7F83C5073957}.Release|Any CPU.Build.0 = Release|Any CPU
>>>>>>> 59c27e3 (Correzioni Confilitti)
		{DB5DA0F0-7490-DB8F-F715-1170727432FE}.Debug|Any CPU.ActiveCfg = Debug|Any CPU
		{DB5DA0F0-7490-DB8F-F715-1170727432FE}.Debug|Any CPU.Build.0 = Debug|Any CPU
		{DB5DA0F0-7490-DB8F-F715-1170727432FE}.Release|Any CPU.ActiveCfg = Release|Any CPU
		{DB5DA0F0-7490-DB8F-F715-1170727432FE}.Release|Any CPU.Build.0 = Release|Any CPU
		{A674EADD-5208-0F43-D4AB-34B1590AEC3A}.Debug|Any CPU.ActiveCfg = Debug|Any CPU
		{A674EADD-5208-0F43-D4AB-34B1590AEC3A}.Debug|Any CPU.Build.0 = Debug|Any CPU
		{A674EADD-5208-0F43-D4AB-34B1590AEC3A}.Release|Any CPU.ActiveCfg = Release|Any CPU
		{A674EADD-5208-0F43-D4AB-34B1590AEC3A}.Release|Any CPU.Build.0 = Release|Any CPU
<<<<<<< HEAD
		{6E426E6B-1C03-318B-A339-201AF927E923}.Debug|Any CPU.ActiveCfg = Debug|Any CPU
		{6E426E6B-1C03-318B-A339-201AF927E923}.Debug|Any CPU.Build.0 = Debug|Any CPU
		{6E426E6B-1C03-318B-A339-201AF927E923}.Release|Any CPU.ActiveCfg = Release|Any CPU
		{6E426E6B-1C03-318B-A339-201AF927E923}.Release|Any CPU.Build.0 = Release|Any CPU
=======
		{6F328D86-E9CB-877C-80CE-840C17425E52}.Debug|Any CPU.ActiveCfg = Debug|Any CPU
		{6F328D86-E9CB-877C-80CE-840C17425E52}.Debug|Any CPU.Build.0 = Debug|Any CPU
		{6F328D86-E9CB-877C-80CE-840C17425E52}.Release|Any CPU.ActiveCfg = Release|Any CPU
		{6F328D86-E9CB-877C-80CE-840C17425E52}.Release|Any CPU.Build.0 = Release|Any CPU
>>>>>>> 59c27e3 (Correzioni Confilitti)
		{CDB11985-A1C5-3B5F-C774-E469FD1F5FAB}.Debug|Any CPU.ActiveCfg = Debug|Any CPU
		{CDB11985-A1C5-3B5F-C774-E469FD1F5FAB}.Debug|Any CPU.Build.0 = Debug|Any CPU
		{CDB11985-A1C5-3B5F-C774-E469FD1F5FAB}.Release|Any CPU.ActiveCfg = Release|Any CPU
		{CDB11985-A1C5-3B5F-C774-E469FD1F5FAB}.Release|Any CPU.Build.0 = Release|Any CPU
<<<<<<< HEAD
		{FADD127E-E5F7-1B41-85DF-56A8D48C53A9}.Debug|Any CPU.ActiveCfg = Debug|Any CPU
		{FADD127E-E5F7-1B41-85DF-56A8D48C53A9}.Debug|Any CPU.Build.0 = Debug|Any CPU
		{FADD127E-E5F7-1B41-85DF-56A8D48C53A9}.Release|Any CPU.ActiveCfg = Release|Any CPU
		{FADD127E-E5F7-1B41-85DF-56A8D48C53A9}.Release|Any CPU.Build.0 = Release|Any CPU
=======
		{437EBA30-39E2-2E74-1D47-D1997EA951F7}.Debug|Any CPU.ActiveCfg = Debug|Any CPU
		{437EBA30-39E2-2E74-1D47-D1997EA951F7}.Debug|Any CPU.Build.0 = Debug|Any CPU
		{437EBA30-39E2-2E74-1D47-D1997EA951F7}.Release|Any CPU.ActiveCfg = Release|Any CPU
		{437EBA30-39E2-2E74-1D47-D1997EA951F7}.Release|Any CPU.Build.0 = Release|Any CPU
>>>>>>> 59c27e3 (Correzioni Confilitti)
		{9527205B-547B-893A-9023-EB773ACA53C5}.Debug|Any CPU.ActiveCfg = Debug|Any CPU
		{9527205B-547B-893A-9023-EB773ACA53C5}.Debug|Any CPU.Build.0 = Debug|Any CPU
		{9527205B-547B-893A-9023-EB773ACA53C5}.Release|Any CPU.ActiveCfg = Release|Any CPU
		{9527205B-547B-893A-9023-EB773ACA53C5}.Release|Any CPU.Build.0 = Release|Any CPU
<<<<<<< HEAD
		{F0D9E7CF-E92C-A8D6-01B6-23E73433EDC4}.Debug|Any CPU.ActiveCfg = Debug|Any CPU
		{F0D9E7CF-E92C-A8D6-01B6-23E73433EDC4}.Debug|Any CPU.Build.0 = Debug|Any CPU
		{F0D9E7CF-E92C-A8D6-01B6-23E73433EDC4}.Release|Any CPU.ActiveCfg = Release|Any CPU
		{F0D9E7CF-E92C-A8D6-01B6-23E73433EDC4}.Release|Any CPU.Build.0 = Release|Any CPU
=======
		{3440ED87-947B-3B5F-6D9E-FCA06E326CC7}.Debug|Any CPU.ActiveCfg = Debug|Any CPU
		{3440ED87-947B-3B5F-6D9E-FCA06E326CC7}.Debug|Any CPU.Build.0 = Debug|Any CPU
		{3440ED87-947B-3B5F-6D9E-FCA06E326CC7}.Release|Any CPU.ActiveCfg = Release|Any CPU
		{3440ED87-947B-3B5F-6D9E-FCA06E326CC7}.Release|Any CPU.Build.0 = Release|Any CPU
>>>>>>> 59c27e3 (Correzioni Confilitti)
		{90916689-4617-FF58-7058-88DA3708E8C5}.Debug|Any CPU.ActiveCfg = Debug|Any CPU
		{90916689-4617-FF58-7058-88DA3708E8C5}.Debug|Any CPU.Build.0 = Debug|Any CPU
		{90916689-4617-FF58-7058-88DA3708E8C5}.Release|Any CPU.ActiveCfg = Release|Any CPU
		{90916689-4617-FF58-7058-88DA3708E8C5}.Release|Any CPU.Build.0 = Release|Any CPU
<<<<<<< HEAD
		{0953FE0C-A4DE-6E57-114B-2EF7D2C8EA86}.Debug|Any CPU.ActiveCfg = Debug|Any CPU
		{0953FE0C-A4DE-6E57-114B-2EF7D2C8EA86}.Debug|Any CPU.Build.0 = Debug|Any CPU
		{0953FE0C-A4DE-6E57-114B-2EF7D2C8EA86}.Release|Any CPU.ActiveCfg = Release|Any CPU
		{0953FE0C-A4DE-6E57-114B-2EF7D2C8EA86}.Release|Any CPU.Build.0 = Release|Any CPU
		{BD2534E8-2679-AE1D-D88B-227403B62F2F}.Debug|Any CPU.ActiveCfg = Debug|Any CPU
		{BD2534E8-2679-AE1D-D88B-227403B62F2F}.Debug|Any CPU.Build.0 = Debug|Any CPU
		{BD2534E8-2679-AE1D-D88B-227403B62F2F}.Release|Any CPU.ActiveCfg = Release|Any CPU
		{BD2534E8-2679-AE1D-D88B-227403B62F2F}.Release|Any CPU.Build.0 = Release|Any CPU
		{1FFC84A9-C807-5173-711B-D99420F0AD6F}.Debug|Any CPU.ActiveCfg = Debug|Any CPU
		{1FFC84A9-C807-5173-711B-D99420F0AD6F}.Debug|Any CPU.Build.0 = Debug|Any CPU
		{1FFC84A9-C807-5173-711B-D99420F0AD6F}.Release|Any CPU.ActiveCfg = Release|Any CPU
		{1FFC84A9-C807-5173-711B-D99420F0AD6F}.Release|Any CPU.Build.0 = Release|Any CPU
		{CBB41E74-8B5D-B2C6-C958-DFD7D19FE57B}.Debug|Any CPU.ActiveCfg = Debug|Any CPU
		{CBB41E74-8B5D-B2C6-C958-DFD7D19FE57B}.Debug|Any CPU.Build.0 = Debug|Any CPU
		{CBB41E74-8B5D-B2C6-C958-DFD7D19FE57B}.Release|Any CPU.ActiveCfg = Release|Any CPU
		{CBB41E74-8B5D-B2C6-C958-DFD7D19FE57B}.Release|Any CPU.Build.0 = Release|Any CPU
=======
		{B95CB73B-A903-DFFE-C47A-39153404F0D4}.Debug|Any CPU.ActiveCfg = Debug|Any CPU
		{B95CB73B-A903-DFFE-C47A-39153404F0D4}.Debug|Any CPU.Build.0 = Debug|Any CPU
		{B95CB73B-A903-DFFE-C47A-39153404F0D4}.Release|Any CPU.ActiveCfg = Release|Any CPU
		{B95CB73B-A903-DFFE-C47A-39153404F0D4}.Release|Any CPU.Build.0 = Release|Any CPU
		{BF953460-39B0-25E7-6D8A-65E27E1F54B7}.Debug|Any CPU.ActiveCfg = Debug|Any CPU
		{BF953460-39B0-25E7-6D8A-65E27E1F54B7}.Debug|Any CPU.Build.0 = Debug|Any CPU
		{BF953460-39B0-25E7-6D8A-65E27E1F54B7}.Release|Any CPU.ActiveCfg = Release|Any CPU
		{BF953460-39B0-25E7-6D8A-65E27E1F54B7}.Release|Any CPU.Build.0 = Release|Any CPU
		{8755BCCD-BF96-DA72-F252-633C6C843E12}.Debug|Any CPU.ActiveCfg = Debug|Any CPU
		{8755BCCD-BF96-DA72-F252-633C6C843E12}.Debug|Any CPU.Build.0 = Debug|Any CPU
		{8755BCCD-BF96-DA72-F252-633C6C843E12}.Release|Any CPU.ActiveCfg = Release|Any CPU
		{8755BCCD-BF96-DA72-F252-633C6C843E12}.Release|Any CPU.Build.0 = Release|Any CPU
		{77F0EFB7-D974-A892-C2DC-2420DFC50678}.Debug|Any CPU.ActiveCfg = Debug|Any CPU
		{77F0EFB7-D974-A892-C2DC-2420DFC50678}.Debug|Any CPU.Build.0 = Debug|Any CPU
		{77F0EFB7-D974-A892-C2DC-2420DFC50678}.Release|Any CPU.ActiveCfg = Release|Any CPU
		{77F0EFB7-D974-A892-C2DC-2420DFC50678}.Release|Any CPU.Build.0 = Release|Any CPU
>>>>>>> 59c27e3 (Correzioni Confilitti)
		{B0C806CA-4737-C707-DB73-1022CB9EDD69}.Debug|Any CPU.ActiveCfg = Debug|Any CPU
		{B0C806CA-4737-C707-DB73-1022CB9EDD69}.Debug|Any CPU.Build.0 = Debug|Any CPU
		{B0C806CA-4737-C707-DB73-1022CB9EDD69}.Release|Any CPU.ActiveCfg = Release|Any CPU
		{B0C806CA-4737-C707-DB73-1022CB9EDD69}.Release|Any CPU.Build.0 = Release|Any CPU
		{5646F701-1757-E02C-5F11-1F57F27986AF}.Debug|Any CPU.ActiveCfg = Debug|Any CPU
		{5646F701-1757-E02C-5F11-1F57F27986AF}.Debug|Any CPU.Build.0 = Debug|Any CPU
		{5646F701-1757-E02C-5F11-1F57F27986AF}.Release|Any CPU.ActiveCfg = Release|Any CPU
		{5646F701-1757-E02C-5F11-1F57F27986AF}.Release|Any CPU.Build.0 = Release|Any CPU
		{9D08B12F-96C3-96E4-00F7-1B1EBBA60F6C}.Debug|Any CPU.ActiveCfg = Debug|Any CPU
		{9D08B12F-96C3-96E4-00F7-1B1EBBA60F6C}.Debug|Any CPU.Build.0 = Debug|Any CPU
		{9D08B12F-96C3-96E4-00F7-1B1EBBA60F6C}.Release|Any CPU.ActiveCfg = Release|Any CPU
		{9D08B12F-96C3-96E4-00F7-1B1EBBA60F6C}.Release|Any CPU.Build.0 = Release|Any CPU
		{BB964141-EE4D-6F09-7B7A-BEFF048A03B5}.Debug|Any CPU.ActiveCfg = Debug|Any CPU
		{BB964141-EE4D-6F09-7B7A-BEFF048A03B5}.Debug|Any CPU.Build.0 = Debug|Any CPU
		{BB964141-EE4D-6F09-7B7A-BEFF048A03B5}.Release|Any CPU.ActiveCfg = Release|Any CPU
		{BB964141-EE4D-6F09-7B7A-BEFF048A03B5}.Release|Any CPU.Build.0 = Release|Any CPU
		{AD5F1FA2-76D8-CE93-1F29-4D29FABC2A3C}.Debug|Any CPU.ActiveCfg = Debug|Any CPU
		{AD5F1FA2-76D8-CE93-1F29-4D29FABC2A3C}.Debug|Any CPU.Build.0 = Debug|Any CPU
		{AD5F1FA2-76D8-CE93-1F29-4D29FABC2A3C}.Release|Any CPU.ActiveCfg = Release|Any CPU
		{AD5F1FA2-76D8-CE93-1F29-4D29FABC2A3C}.Release|Any CPU.Build.0 = Release|Any CPU
		{560B6314-074A-7D8C-5D2F-9D394AE9F08F}.Debug|Any CPU.ActiveCfg = Debug|Any CPU
		{560B6314-074A-7D8C-5D2F-9D394AE9F08F}.Debug|Any CPU.Build.0 = Debug|Any CPU
		{560B6314-074A-7D8C-5D2F-9D394AE9F08F}.Release|Any CPU.ActiveCfg = Release|Any CPU
		{560B6314-074A-7D8C-5D2F-9D394AE9F08F}.Release|Any CPU.Build.0 = Release|Any CPU
		{0C818269-B720-C83D-84CD-3E91B63A3BC5}.Debug|Any CPU.ActiveCfg = Debug|Any CPU
		{0C818269-B720-C83D-84CD-3E91B63A3BC5}.Debug|Any CPU.Build.0 = Debug|Any CPU
		{0C818269-B720-C83D-84CD-3E91B63A3BC5}.Release|Any CPU.ActiveCfg = Release|Any CPU
		{0C818269-B720-C83D-84CD-3E91B63A3BC5}.Release|Any CPU.Build.0 = Release|Any CPU
		{28E58F65-B6F4-4BD8-DD27-5AF4AB89A90A}.Debug|Any CPU.ActiveCfg = Debug|Any CPU
		{28E58F65-B6F4-4BD8-DD27-5AF4AB89A90A}.Debug|Any CPU.Build.0 = Debug|Any CPU
		{28E58F65-B6F4-4BD8-DD27-5AF4AB89A90A}.Release|Any CPU.ActiveCfg = Release|Any CPU
		{28E58F65-B6F4-4BD8-DD27-5AF4AB89A90A}.Release|Any CPU.Build.0 = Release|Any CPU
		{6DA6AF6F-01AF-D0CA-72ED-283CFB18D01B}.Debug|Any CPU.ActiveCfg = Debug|Any CPU
		{6DA6AF6F-01AF-D0CA-72ED-283CFB18D01B}.Debug|Any CPU.Build.0 = Debug|Any CPU
		{6DA6AF6F-01AF-D0CA-72ED-283CFB18D01B}.Release|Any CPU.ActiveCfg = Release|Any CPU
		{6DA6AF6F-01AF-D0CA-72ED-283CFB18D01B}.Release|Any CPU.Build.0 = Release|Any CPU
		{6A04B23E-CEAF-79CB-9F51-2AADAD264C38}.Debug|Any CPU.ActiveCfg = Debug|Any CPU
		{6A04B23E-CEAF-79CB-9F51-2AADAD264C38}.Debug|Any CPU.Build.0 = Debug|Any CPU
		{6A04B23E-CEAF-79CB-9F51-2AADAD264C38}.Release|Any CPU.ActiveCfg = Release|Any CPU
		{6A04B23E-CEAF-79CB-9F51-2AADAD264C38}.Release|Any CPU.Build.0 = Release|Any CPU
		{5F61C1D3-1653-7EBB-8320-D3E7C3544CAF}.Debug|Any CPU.ActiveCfg = Debug|Any CPU
		{5F61C1D3-1653-7EBB-8320-D3E7C3544CAF}.Debug|Any CPU.Build.0 = Debug|Any CPU
		{5F61C1D3-1653-7EBB-8320-D3E7C3544CAF}.Release|Any CPU.ActiveCfg = Release|Any CPU
		{5F61C1D3-1653-7EBB-8320-D3E7C3544CAF}.Release|Any CPU.Build.0 = Release|Any CPU
	EndGlobalSection
	GlobalSection(SolutionProperties) = preSolution
		HideSolutionNode = FALSE
	EndGlobalSection
<<<<<<< HEAD
=======
	GlobalSection(ExtensibilityGlobals) = postSolution
		SolutionGuid = {5AC45792-B057-47BC-9542-4E50DFC48BAA}
	EndGlobalSection
>>>>>>> 59c27e3 (Correzioni Confilitti)
EndGlobal
